// !$*UTF8*$!
{
	archiveVersion = 1;
	classes = {
	};
	objectVersion = 70;
	objects = {

/* Begin PBXBuildFile section */
		D30FB1982BC3172700C88BBC /* AddFriendCard.swift in Sources */ = {isa = PBXBuildFile; fileRef = D30FB1972BC3172700C88BBC /* AddFriendCard.swift */; };
		D31605772BC074F400A4089E /* LoadingView.swift in Sources */ = {isa = PBXBuildFile; fileRef = D31605762BC074F400A4089E /* LoadingView.swift */; };
		D31753632C75461F00EF3D55 /* Propaganda.caf in Resources */ = {isa = PBXBuildFile; fileRef = D31753622C75461F00EF3D55 /* Propaganda.caf */; };
		D3372A982C63EAA200D33713 /* AlarmSoundView.swift in Sources */ = {isa = PBXBuildFile; fileRef = D3372A972C63EAA200D33713 /* AlarmSoundView.swift */; };
		D337DFAE2C56F18D00D33713 /* AddAlarmView.swift in Sources */ = {isa = PBXBuildFile; fileRef = D337DFAD2C56F18D00D33713 /* AddAlarmView.swift */; };
		D337DFB02C56F1BA00D33713 /* EditAlarmView.swift in Sources */ = {isa = PBXBuildFile; fileRef = D337DFAF2C56F1BA00D33713 /* EditAlarmView.swift */; };
		D337DFB32C56F20100D33713 /* AddFriendView.swift in Sources */ = {isa = PBXBuildFile; fileRef = D337DFB22C56F20100D33713 /* AddFriendView.swift */; };
		D337DFB52C56F22400D33713 /* AddGroupView.swift in Sources */ = {isa = PBXBuildFile; fileRef = D337DFB42C56F22400D33713 /* AddGroupView.swift */; };
		D33B873A2C77117C002C11D4 /* Oversimplified.caf in Resources */ = {isa = PBXBuildFile; fileRef = D33B87372C77117C002C11D4 /* Oversimplified.caf */; };
		D33B873C2C77117C002C11D4 /* Classic.caf in Resources */ = {isa = PBXBuildFile; fileRef = D33B87362C77117C002C11D4 /* Classic.caf */; };
		D34A27512C642944009BB039 /* AlarmDetailView.swift in Sources */ = {isa = PBXBuildFile; fileRef = D34A27502C642944009BB039 /* AlarmDetailView.swift */; };
		D35030A82C7D594F00C5F429 /* LaunchScreenView.swift in Sources */ = {isa = PBXBuildFile; fileRef = D35030A72C7D594E00C5F429 /* LaunchScreenView.swift */; };
		D35281142CB34F0100C99FCA /* AfacadFlux-VariableFont_slnt,wght.ttf in Resources */ = {isa = PBXBuildFile; fileRef = D35281122CB34F0100C99FCA /* AfacadFlux-VariableFont_slnt,wght.ttf */; };
		D35281192CB37AC800C99FCA /* AppDelegate.swift in Sources */ = {isa = PBXBuildFile; fileRef = D35281182CB37AC300C99FCA /* AppDelegate.swift */; };
		D35372E22BBA7AAF00B56F32 /* AlarmsView.swift in Sources */ = {isa = PBXBuildFile; fileRef = D35372E12BBA7AAF00B56F32 /* AlarmsView.swift */; };
		D35372E42BBA7AD200B56F32 /* GroupsView.swift in Sources */ = {isa = PBXBuildFile; fileRef = D35372E32BBA7AD200B56F32 /* GroupsView.swift */; };
		D35372E62BBA7ADA00B56F32 /* FriendsView.swift in Sources */ = {isa = PBXBuildFile; fileRef = D35372E52BBA7ADA00B56F32 /* FriendsView.swift */; };
		D35372E82BBA7AE400B56F32 /* SettingsView.swift in Sources */ = {isa = PBXBuildFile; fileRef = D35372E72BBA7AE400B56F32 /* SettingsView.swift */; };
		D35372EA2BBA7F4E00B56F32 /* AlarmsViewModel.swift in Sources */ = {isa = PBXBuildFile; fileRef = D35372E92BBA7F4E00B56F32 /* AlarmsViewModel.swift */; };
		D35372EC2BBB722D00B56F32 /* FriendsViewModel.swift in Sources */ = {isa = PBXBuildFile; fileRef = D35372EB2BBB722D00B56F32 /* FriendsViewModel.swift */; };
		D35372EF2BBB738300B56F32 /* Friendship.xcdatamodeld in Sources */ = {isa = PBXBuildFile; fileRef = D35372ED2BBB738300B56F32 /* Friendship.xcdatamodeld */; };
		D35372F22BBB7DAC00B56F32 /* UserViewModel.swift in Sources */ = {isa = PBXBuildFile; fileRef = D35372F12BBB7DAC00B56F32 /* UserViewModel.swift */; };
		D3632D292BCF2420004F02FD /* GroupDetailView.swift in Sources */ = {isa = PBXBuildFile; fileRef = D3632D282BCF2420004F02FD /* GroupDetailView.swift */; };
		D36A0F9F2C8E60A100633E02 /* UIPlayground.swift in Sources */ = {isa = PBXBuildFile; fileRef = D36A0F9E2C8E609C00633E02 /* UIPlayground.swift */; };
		D36A0FA12C8E672D00633E02 /* RingtoneLib.swift in Sources */ = {isa = PBXBuildFile; fileRef = D36A0FA02C8E672600633E02 /* RingtoneLib.swift */; };
		D36A0FA32C8E6E1600633E02 /* Tips.swift in Sources */ = {isa = PBXBuildFile; fileRef = D36A0FA22C8E6E1400633E02 /* Tips.swift */; };
		D36A0FA52C8FC6A500633E02 /* FileManager+.swift in Sources */ = {isa = PBXBuildFile; fileRef = D36A0FA42C8FC69C00633E02 /* FileManager+.swift */; };
		D36A0FA72C91093000633E02 /* EconomyViewModel.swift in Sources */ = {isa = PBXBuildFile; fileRef = D36A0FA62C91092C00633E02 /* EconomyViewModel.swift */; };
		D36A0FAC2C921B2100633E02 /* CoinEarnedPopupCard.swift in Sources */ = {isa = PBXBuildFile; fileRef = D36A0FAB2C921B1C00633E02 /* CoinEarnedPopupCard.swift */; };
		D36A0FAE2C92402100633E02 /* PremiumStoreView.swift in Sources */ = {isa = PBXBuildFile; fileRef = D36A0FAD2C92401C00633E02 /* PremiumStoreView.swift */; };
		D36A0FB02C93BE9400633E02 /* Animations.swift in Sources */ = {isa = PBXBuildFile; fileRef = D36A0FAF2C93BE9200633E02 /* Animations.swift */; };
		D36BD6812CA0906E0014A985 /* IconTask.swift in Sources */ = {isa = PBXBuildFile; fileRef = D36BD6802CA090650014A985 /* IconTask.swift */; };
		D36BD6832CA0C2AB0014A985 /* icon10.png in Resources */ = {isa = PBXBuildFile; fileRef = D36BD6822CA0C2AB0014A985 /* icon10.png */; };
		D36C34222C97DE8700647F97 /* WidgetKit.framework in Frameworks */ = {isa = PBXBuildFile; fileRef = D36C34212C97DE8700647F97 /* WidgetKit.framework */; };
		D36C34242C97DE8700647F97 /* SwiftUI.framework in Frameworks */ = {isa = PBXBuildFile; fileRef = D36C34232C97DE8700647F97 /* SwiftUI.framework */; };
		D36C342F2C97DE8800647F97 /* AlarmWidgetExtension.appex in Embed Foundation Extensions */ = {isa = PBXBuildFile; fileRef = D36C341F2C97DE8700647F97 /* AlarmWidgetExtension.appex */; settings = {ATTRIBUTES = (RemoveHeadersOnCopy, ); }; };
		D36C343B2C9A01C300647F97 /* Classic.caf in Resources */ = {isa = PBXBuildFile; fileRef = D36C343A2C9A01C300647F97 /* Classic.caf */; };
		D3717E462BC9796600440099 /* AlarmInterfaceView.swift in Sources */ = {isa = PBXBuildFile; fileRef = D3717E452BC9796600440099 /* AlarmInterfaceView.swift */; };
		D37594132C6979AC006DB7AA /* AlarmCardView.swift in Sources */ = {isa = PBXBuildFile; fileRef = D37594122C6979AC006DB7AA /* AlarmCardView.swift */; };
		D37594152C6BE06F006DB7AA /* ProfileSetupView.swift in Sources */ = {isa = PBXBuildFile; fileRef = D37594142C6BE06F006DB7AA /* ProfileSetupView.swift */; };
		D37594172C6FFB0C006DB7AA /* AlarmRequestView.swift in Sources */ = {isa = PBXBuildFile; fileRef = D37594162C6FFB0C006DB7AA /* AlarmRequestView.swift */; };
		D375941B2C740566006DB7AA /* FirebaseStorage in Frameworks */ = {isa = PBXBuildFile; productRef = D375941A2C740566006DB7AA /* FirebaseStorage */; };
		D375941D2C74061C006DB7AA /* AudioRecorderViewModel.swift in Sources */ = {isa = PBXBuildFile; fileRef = D375941C2C74061C006DB7AA /* AudioRecorderViewModel.swift */; };
		D38EEB832BA3719F0099D382 /* SharingAlarmApp.swift in Sources */ = {isa = PBXBuildFile; fileRef = D38EEB822BA3719F0099D382 /* SharingAlarmApp.swift */; };
		D38EEB852BA3719F0099D382 /* ContentView.swift in Sources */ = {isa = PBXBuildFile; fileRef = D38EEB842BA3719F0099D382 /* ContentView.swift */; };
		D38EEB872BA371A00099D382 /* Assets.xcassets in Resources */ = {isa = PBXBuildFile; fileRef = D38EEB862BA371A00099D382 /* Assets.xcassets */; };
		D38EEB8C2BA371A00099D382 /* Persistence.swift in Sources */ = {isa = PBXBuildFile; fileRef = D38EEB8B2BA371A00099D382 /* Persistence.swift */; };
		D38EEB8F2BA371A00099D382 /* SharingAlarm.xcdatamodeld in Sources */ = {isa = PBXBuildFile; fileRef = D38EEB8D2BA371A00099D382 /* SharingAlarm.xcdatamodeld */; };
		D38EEB992BA371A00099D382 /* SharingAlarmTests.swift in Sources */ = {isa = PBXBuildFile; fileRef = D38EEB982BA371A00099D382 /* SharingAlarmTests.swift */; };
		D38EEBA32BA371A00099D382 /* SharingAlarmUITests.swift in Sources */ = {isa = PBXBuildFile; fileRef = D38EEBA22BA371A00099D382 /* SharingAlarmUITests.swift */; };
		D38EEBA52BA371A00099D382 /* SharingAlarmUITestsLaunchTests.swift in Sources */ = {isa = PBXBuildFile; fileRef = D38EEBA42BA371A00099D382 /* SharingAlarmUITestsLaunchTests.swift */; };
		D38EEBB22BA3FC4E0099D382 /* LoginView.swift in Sources */ = {isa = PBXBuildFile; fileRef = D38EEBB12BA3FC4E0099D382 /* LoginView.swift */; };
		D39BCC702CB3342D000E1782 /* GroupPickerView.swift in Sources */ = {isa = PBXBuildFile; fileRef = D39BCC6F2CB33424000E1782 /* GroupPickerView.swift */; };
		D39BCC722CB346D5000E1782 /* QRCodeView.swift in Sources */ = {isa = PBXBuildFile; fileRef = D39BCC712CB346D2000E1782 /* QRCodeView.swift */; };
		D39CFECA2CA760F30089C7E9 /* Ringtone.swift in Sources */ = {isa = PBXBuildFile; fileRef = D39CFEC92CA760F00089C7E9 /* Ringtone.swift */; };
		D39CFECE2CA784230089C7E9 /* icon11.png in Resources */ = {isa = PBXBuildFile; fileRef = D39CFECB2CA784230089C7E9 /* icon11.png */; };
		D39CFECF2CA784230089C7E9 /* icon13.png in Resources */ = {isa = PBXBuildFile; fileRef = D39CFECD2CA784230089C7E9 /* icon13.png */; };
		D39CFED02CA784230089C7E9 /* icon12.png in Resources */ = {isa = PBXBuildFile; fileRef = D39CFECC2CA784230089C7E9 /* icon12.png */; };
		D39CFED22CAB5B730089C7E9 /* FriendScrollView.swift in Sources */ = {isa = PBXBuildFile; fileRef = D39CFED12CAB5B6A0089C7E9 /* FriendScrollView.swift */; };
		D3AB27FF2C7BE42600E8B3E0 /* beep-04.caf in Resources */ = {isa = PBXBuildFile; fileRef = D3AB27FE2C7BE42600E8B3E0 /* beep-04.caf */; };
		D3AB28002C7BE42600E8B3E0 /* beep-04.caf in Resources */ = {isa = PBXBuildFile; fileRef = D3AB27FE2C7BE42600E8B3E0 /* beep-04.caf */; };
		D3AB28022C7D41DD00E8B3E0 /* IconSelectionView.swift in Sources */ = {isa = PBXBuildFile; fileRef = D3AB28012C7D41DB00E8B3E0 /* IconSelectionView.swift */; };
		D3ABC8332BDE9799003D2265 /* AuthView.swift in Sources */ = {isa = PBXBuildFile; fileRef = D3ABC8322BDE9799003D2265 /* AuthView.swift */; };
		D3ABC8352BDE99FA003D2265 /* AuthedView.swift in Sources */ = {isa = PBXBuildFile; fileRef = D3ABC8342BDE99FA003D2265 /* AuthedView.swift */; };
		D3ABC83F2BDF12D3003D2265 /* SignupView.swift in Sources */ = {isa = PBXBuildFile; fileRef = D3ABC83E2BDF12D3003D2265 /* SignupView.swift */; };
		D3AFBFE02C796898008DA9DD /* NotificationService.swift in Sources */ = {isa = PBXBuildFile; fileRef = D3AFBFDF2C796898008DA9DD /* NotificationService.swift */; };
		D3AFBFE42C796898008DA9DD /* Notification.appex in Embed Foundation Extensions */ = {isa = PBXBuildFile; fileRef = D3AFBFDD2C796898008DA9DD /* Notification.appex */; settings = {ATTRIBUTES = (RemoveHeadersOnCopy, ); }; };
		D3B469B12C9BA17800D36E1D /* icon3.png in Resources */ = {isa = PBXBuildFile; fileRef = D3B469AA2C9BA17800D36E1D /* icon3.png */; };
		D3B469B22C9BA17800D36E1D /* icon6.png in Resources */ = {isa = PBXBuildFile; fileRef = D3B469AD2C9BA17800D36E1D /* icon6.png */; };
		D3B469B32C9BA17800D36E1D /* icon5.png in Resources */ = {isa = PBXBuildFile; fileRef = D3B469AC2C9BA17800D36E1D /* icon5.png */; };
		D3B469B42C9BA17800D36E1D /* icon4.png in Resources */ = {isa = PBXBuildFile; fileRef = D3B469AB2C9BA17800D36E1D /* icon4.png */; };
		D3B469B52C9BA17800D36E1D /* icon9.png in Resources */ = {isa = PBXBuildFile; fileRef = D3B469B02C9BA17800D36E1D /* icon9.png */; };
		D3B469B62C9BA17800D36E1D /* icon7.png in Resources */ = {isa = PBXBuildFile; fileRef = D3B469AE2C9BA17800D36E1D /* icon7.png */; };
		D3B469B72C9BA17800D36E1D /* icon8.png in Resources */ = {isa = PBXBuildFile; fileRef = D3B469AF2C9BA17800D36E1D /* icon8.png */; };
		D3B469BA2C9BA8FD00D36E1D /* SymphonyOfTheSoul.caf in Resources */ = {isa = PBXBuildFile; fileRef = D3B469B92C9BA8FD00D36E1D /* SymphonyOfTheSoul.caf */; };
		D3B469BB2C9BA8FD00D36E1D /* RiseOfPhoenix.caf in Resources */ = {isa = PBXBuildFile; fileRef = D3B469B82C9BA8FD00D36E1D /* RiseOfPhoenix.caf */; };
		D3B469BD2C9CA28600D36E1D /* FeedbackView.swift in Sources */ = {isa = PBXBuildFile; fileRef = D3B469BC2C9CA28200D36E1D /* FeedbackView.swift */; };
		D3B469BF2C9DF21A00D36E1D /* LocalProducts.storekit in Resources */ = {isa = PBXBuildFile; fileRef = D3B469BE2C9DF21A00D36E1D /* LocalProducts.storekit */; };
		D3B469C12C9DF3E700D36E1D /* StoreKitTestCertificate.cer in Resources */ = {isa = PBXBuildFile; fileRef = D3B469C02C9DF3E700D36E1D /* StoreKitTestCertificate.cer */; };
		D3B469C42C9DF78200D36E1D /* SyncedProducts.storekit in Resources */ = {isa = PBXBuildFile; fileRef = D3B469C32C9DF78200D36E1D /* SyncedProducts.storekit */; };
		D3B469C62C9E26E300D36E1D /* DeleteProfileView.swift in Sources */ = {isa = PBXBuildFile; fileRef = D3B469C52C9E26DD00D36E1D /* DeleteProfileView.swift */; };
		D3B53B2D2BC4755B00B41769 /* FriendRequestCard.swift in Sources */ = {isa = PBXBuildFile; fileRef = D3B53B2C2BC4755B00B41769 /* FriendRequestCard.swift */; };
		D3B53B2F2BC4E66000B41769 /* AlarmView.swift in Sources */ = {isa = PBXBuildFile; fileRef = D3B53B2E2BC4E66000B41769 /* AlarmView.swift */; };
		D3B53B312BC4E6AA00B41769 /* AuthViewModel.swift in Sources */ = {isa = PBXBuildFile; fileRef = D3B53B302BC4E6AA00B41769 /* AuthViewModel.swift */; };
		D3B53B342BC6204B00B41769 /* Harmony.caf in Resources */ = {isa = PBXBuildFile; fileRef = D3B53B332BC6204B00B41769 /* Harmony.caf */; };
		D3B53B362BC85A2D00B41769 /* GroupsViewModel.swift in Sources */ = {isa = PBXBuildFile; fileRef = D3B53B352BC85A2D00B41769 /* GroupsViewModel.swift */; };
		D3B53B382BC85B8A00B41769 /* GroupCard.swift in Sources */ = {isa = PBXBuildFile; fileRef = D3B53B372BC85B8A00B41769 /* GroupCard.swift */; };
		D3C0EF7E2BDD4FB400DA1795 /* CallManager.swift in Sources */ = {isa = PBXBuildFile; fileRef = D3C0EF7D2BDD4FB400DA1795 /* CallManager.swift */; };
		D3C0EF812BDD884700DA1795 /* GoogleService-Info.plist in Resources */ = {isa = PBXBuildFile; fileRef = D3C0EF802BDD884700DA1795 /* GoogleService-Info.plist */; };
		D3C0EF842BDD898000DA1795 /* FirebaseAnalytics in Frameworks */ = {isa = PBXBuildFile; productRef = D3C0EF832BDD898000DA1795 /* FirebaseAnalytics */; };
		D3C0EF862BDD898000DA1795 /* FirebaseAuth in Frameworks */ = {isa = PBXBuildFile; productRef = D3C0EF852BDD898000DA1795 /* FirebaseAuth */; };
		D3C0EF882BDD898000DA1795 /* FirebaseFirestore in Frameworks */ = {isa = PBXBuildFile; productRef = D3C0EF872BDD898000DA1795 /* FirebaseFirestore */; };
		D3C0EF8A2BDD898000DA1795 /* FirebaseMessaging in Frameworks */ = {isa = PBXBuildFile; productRef = D3C0EF892BDD898000DA1795 /* FirebaseMessaging */; };
		D3CAA1342C7E491600B93A00 /* Preview Assets.xcassets in Resources */ = {isa = PBXBuildFile; fileRef = D38EEB892BA371A00099D382 /* Preview Assets.xcassets */; };
		D3CAA1392C7E94D100B93A00 /* AppearanceSelectionView.swift in Sources */ = {isa = PBXBuildFile; fileRef = D3CAA1382C7E94D100B93A00 /* AppearanceSelectionView.swift */; };
		D3CB391E2C6459DB00AF7052 /* CountDownTimerView.swift in Sources */ = {isa = PBXBuildFile; fileRef = D3CB391D2C6459DB00AF7052 /* CountDownTimerView.swift */; };
		D3CB39202C645A4D00AF7052 /* TimerViewModel.swift in Sources */ = {isa = PBXBuildFile; fileRef = D3CB391F2C645A4D00AF7052 /* TimerViewModel.swift */; };
		D3DE34712C80F6C50000C48A /* AppIconDefault.png in Resources */ = {isa = PBXBuildFile; fileRef = D3DE34702C80F6C50000C48A /* AppIconDefault.png */; };
		D3DE34752C87C2BA0000C48A /* AudioRecorderView.swift in Sources */ = {isa = PBXBuildFile; fileRef = D3DE34742C87C2B90000C48A /* AudioRecorderView.swift */; };
		D3E611322C8BC58D00EF3CFF /* NotificationBannerCard.swift in Sources */ = {isa = PBXBuildFile; fileRef = D3E611312C8BC58000EF3CFF /* NotificationBannerCard.swift */; };
		D3E7E8382BC0962500E36A4D /* StyleView.swift in Sources */ = {isa = PBXBuildFile; fileRef = D3E7E8372BC0962500E36A4D /* StyleView.swift */; };
		D3E8705B2C7DC03200CDA558 /* icon1@2x.png in Resources */ = {isa = PBXBuildFile; fileRef = D3E870552C7DC03200CDA558 /* icon1@2x.png */; };
		D3E8705C2C7DC03200CDA558 /* icon1@3x.png in Resources */ = {isa = PBXBuildFile; fileRef = D3E870562C7DC03200CDA558 /* icon1@3x.png */; };
		D3E8705D2C7DC03200CDA558 /* icon2@2x.png in Resources */ = {isa = PBXBuildFile; fileRef = D3E870572C7DC03200CDA558 /* icon2@2x.png */; };
		D3E8705E2C7DC03200CDA558 /* icon2@3x.png in Resources */ = {isa = PBXBuildFile; fileRef = D3E870582C7DC03200CDA558 /* icon2@3x.png */; };
		D3F614622CAF154D0031AC0D /* UserCard.swift in Sources */ = {isa = PBXBuildFile; fileRef = D3F614612CAF15450031AC0D /* UserCard.swift */; };
		D3F614732CB0DA990031AC0D /* WelcomeView.swift in Sources */ = {isa = PBXBuildFile; fileRef = D3F614722CB0DA960031AC0D /* WelcomeView.swift */; };
/* End PBXBuildFile section */

/* Begin PBXContainerItemProxy section */
		D36C342D2C97DE8800647F97 /* PBXContainerItemProxy */ = {
			isa = PBXContainerItemProxy;
			containerPortal = D38EEB772BA3719F0099D382 /* Project object */;
			proxyType = 1;
			remoteGlobalIDString = D36C341E2C97DE8700647F97;
			remoteInfo = AlarmWidgetExtension;
		};
		D38EEB952BA371A00099D382 /* PBXContainerItemProxy */ = {
			isa = PBXContainerItemProxy;
			containerPortal = D38EEB772BA3719F0099D382 /* Project object */;
			proxyType = 1;
			remoteGlobalIDString = D38EEB7E2BA3719F0099D382;
			remoteInfo = SharingAlarm;
		};
		D38EEB9F2BA371A00099D382 /* PBXContainerItemProxy */ = {
			isa = PBXContainerItemProxy;
			containerPortal = D38EEB772BA3719F0099D382 /* Project object */;
			proxyType = 1;
			remoteGlobalIDString = D38EEB7E2BA3719F0099D382;
			remoteInfo = SharingAlarm;
		};
		D3AFBFE22C796898008DA9DD /* PBXContainerItemProxy */ = {
			isa = PBXContainerItemProxy;
			containerPortal = D38EEB772BA3719F0099D382 /* Project object */;
			proxyType = 1;
			remoteGlobalIDString = D3AFBFDC2C796898008DA9DD;
			remoteInfo = Notification;
		};
/* End PBXContainerItemProxy section */

/* Begin PBXCopyFilesBuildPhase section */
		D3AFBFE82C796898008DA9DD /* Embed Foundation Extensions */ = {
			isa = PBXCopyFilesBuildPhase;
			buildActionMask = 2147483647;
			dstPath = "";
			dstSubfolderSpec = 13;
			files = (
				D36C342F2C97DE8800647F97 /* AlarmWidgetExtension.appex in Embed Foundation Extensions */,
				D3AFBFE42C796898008DA9DD /* Notification.appex in Embed Foundation Extensions */,
			);
			name = "Embed Foundation Extensions";
			runOnlyForDeploymentPostprocessing = 0;
		};
/* End PBXCopyFilesBuildPhase section */

/* Begin PBXFileReference section */
		D30FB1972BC3172700C88BBC /* AddFriendCard.swift */ = {isa = PBXFileReference; lastKnownFileType = sourcecode.swift; path = AddFriendCard.swift; sourceTree = "<group>"; };
		D31605762BC074F400A4089E /* LoadingView.swift */ = {isa = PBXFileReference; lastKnownFileType = sourcecode.swift; path = LoadingView.swift; sourceTree = "<group>"; };
		D31753622C75461F00EF3D55 /* Propaganda.caf */ = {isa = PBXFileReference; lastKnownFileType = file; path = Propaganda.caf; sourceTree = "<group>"; };
		D3372A972C63EAA200D33713 /* AlarmSoundView.swift */ = {isa = PBXFileReference; lastKnownFileType = sourcecode.swift; path = AlarmSoundView.swift; sourceTree = "<group>"; };
		D337DFAD2C56F18D00D33713 /* AddAlarmView.swift */ = {isa = PBXFileReference; lastKnownFileType = sourcecode.swift; path = AddAlarmView.swift; sourceTree = "<group>"; };
		D337DFAF2C56F1BA00D33713 /* EditAlarmView.swift */ = {isa = PBXFileReference; lastKnownFileType = sourcecode.swift; path = EditAlarmView.swift; sourceTree = "<group>"; };
		D337DFB22C56F20100D33713 /* AddFriendView.swift */ = {isa = PBXFileReference; lastKnownFileType = sourcecode.swift; path = AddFriendView.swift; sourceTree = "<group>"; };
		D337DFB42C56F22400D33713 /* AddGroupView.swift */ = {isa = PBXFileReference; lastKnownFileType = sourcecode.swift; path = AddGroupView.swift; sourceTree = "<group>"; };
		D33B87362C77117C002C11D4 /* Classic.caf */ = {isa = PBXFileReference; lastKnownFileType = file; path = Classic.caf; sourceTree = "<group>"; };
		D33B87372C77117C002C11D4 /* Oversimplified.caf */ = {isa = PBXFileReference; lastKnownFileType = file; path = Oversimplified.caf; sourceTree = "<group>"; };
		D34A27502C642944009BB039 /* AlarmDetailView.swift */ = {isa = PBXFileReference; lastKnownFileType = sourcecode.swift; path = AlarmDetailView.swift; sourceTree = "<group>"; };
		D35030A72C7D594E00C5F429 /* LaunchScreenView.swift */ = {isa = PBXFileReference; lastKnownFileType = sourcecode.swift; path = LaunchScreenView.swift; sourceTree = "<group>"; };
		D35281122CB34F0100C99FCA /* AfacadFlux-VariableFont_slnt,wght.ttf */ = {isa = PBXFileReference; lastKnownFileType = file; path = "AfacadFlux-VariableFont_slnt,wght.ttf"; sourceTree = "<group>"; };
		D35281182CB37AC300C99FCA /* AppDelegate.swift */ = {isa = PBXFileReference; lastKnownFileType = sourcecode.swift; path = AppDelegate.swift; sourceTree = "<group>"; };
		D35372E12BBA7AAF00B56F32 /* AlarmsView.swift */ = {isa = PBXFileReference; lastKnownFileType = sourcecode.swift; path = AlarmsView.swift; sourceTree = "<group>"; };
		D35372E32BBA7AD200B56F32 /* GroupsView.swift */ = {isa = PBXFileReference; lastKnownFileType = sourcecode.swift; path = GroupsView.swift; sourceTree = "<group>"; };
		D35372E52BBA7ADA00B56F32 /* FriendsView.swift */ = {isa = PBXFileReference; lastKnownFileType = sourcecode.swift; path = FriendsView.swift; sourceTree = "<group>"; };
		D35372E72BBA7AE400B56F32 /* SettingsView.swift */ = {isa = PBXFileReference; lastKnownFileType = sourcecode.swift; path = SettingsView.swift; sourceTree = "<group>"; };
		D35372E92BBA7F4E00B56F32 /* AlarmsViewModel.swift */ = {isa = PBXFileReference; lastKnownFileType = sourcecode.swift; path = AlarmsViewModel.swift; sourceTree = "<group>"; };
		D35372EB2BBB722D00B56F32 /* FriendsViewModel.swift */ = {isa = PBXFileReference; lastKnownFileType = sourcecode.swift; path = FriendsViewModel.swift; sourceTree = "<group>"; };
		D35372EE2BBB738300B56F32 /* Friendship.xcdatamodel */ = {isa = PBXFileReference; lastKnownFileType = wrapper.xcdatamodel; path = Friendship.xcdatamodel; sourceTree = "<group>"; };
		D35372F12BBB7DAC00B56F32 /* UserViewModel.swift */ = {isa = PBXFileReference; lastKnownFileType = sourcecode.swift; path = UserViewModel.swift; sourceTree = "<group>"; };
		D3632D282BCF2420004F02FD /* GroupDetailView.swift */ = {isa = PBXFileReference; lastKnownFileType = sourcecode.swift; path = GroupDetailView.swift; sourceTree = "<group>"; };
		D36A0F9E2C8E609C00633E02 /* UIPlayground.swift */ = {isa = PBXFileReference; lastKnownFileType = sourcecode.swift; path = UIPlayground.swift; sourceTree = "<group>"; };
		D36A0FA02C8E672600633E02 /* RingtoneLib.swift */ = {isa = PBXFileReference; lastKnownFileType = sourcecode.swift; path = RingtoneLib.swift; sourceTree = "<group>"; };
		D36A0FA22C8E6E1400633E02 /* Tips.swift */ = {isa = PBXFileReference; lastKnownFileType = sourcecode.swift; path = Tips.swift; sourceTree = "<group>"; };
		D36A0FA42C8FC69C00633E02 /* FileManager+.swift */ = {isa = PBXFileReference; lastKnownFileType = sourcecode.swift; path = "FileManager+.swift"; sourceTree = "<group>"; };
		D36A0FA62C91092C00633E02 /* EconomyViewModel.swift */ = {isa = PBXFileReference; lastKnownFileType = sourcecode.swift; path = EconomyViewModel.swift; sourceTree = "<group>"; };
		D36A0FAB2C921B1C00633E02 /* CoinEarnedPopupCard.swift */ = {isa = PBXFileReference; lastKnownFileType = sourcecode.swift; path = CoinEarnedPopupCard.swift; sourceTree = "<group>"; };
		D36A0FAD2C92401C00633E02 /* PremiumStoreView.swift */ = {isa = PBXFileReference; lastKnownFileType = sourcecode.swift; path = PremiumStoreView.swift; sourceTree = "<group>"; };
		D36A0FAF2C93BE9200633E02 /* Animations.swift */ = {isa = PBXFileReference; lastKnownFileType = sourcecode.swift; path = Animations.swift; sourceTree = "<group>"; };
		D36BD6802CA090650014A985 /* IconTask.swift */ = {isa = PBXFileReference; lastKnownFileType = sourcecode.swift; path = IconTask.swift; sourceTree = "<group>"; };
		D36BD6822CA0C2AB0014A985 /* icon10.png */ = {isa = PBXFileReference; lastKnownFileType = image.png; path = icon10.png; sourceTree = "<group>"; };
		D36C341F2C97DE8700647F97 /* AlarmWidgetExtension.appex */ = {isa = PBXFileReference; explicitFileType = "wrapper.app-extension"; includeInIndex = 0; path = AlarmWidgetExtension.appex; sourceTree = BUILT_PRODUCTS_DIR; };
		D36C34212C97DE8700647F97 /* WidgetKit.framework */ = {isa = PBXFileReference; lastKnownFileType = wrapper.framework; name = WidgetKit.framework; path = System/Library/Frameworks/WidgetKit.framework; sourceTree = SDKROOT; };
		D36C34232C97DE8700647F97 /* SwiftUI.framework */ = {isa = PBXFileReference; lastKnownFileType = wrapper.framework; name = SwiftUI.framework; path = System/Library/Frameworks/SwiftUI.framework; sourceTree = SDKROOT; };
		D36C343A2C9A01C300647F97 /* Classic.caf */ = {isa = PBXFileReference; lastKnownFileType = file; path = Classic.caf; sourceTree = "<group>"; };
		D36C343C2C9A42D800647F97 /* Notification.entitlements */ = {isa = PBXFileReference; lastKnownFileType = text.plist.entitlements; path = Notification.entitlements; sourceTree = "<group>"; };
		D3717E452BC9796600440099 /* AlarmInterfaceView.swift */ = {isa = PBXFileReference; lastKnownFileType = sourcecode.swift; path = AlarmInterfaceView.swift; sourceTree = "<group>"; };
		D37594122C6979AC006DB7AA /* AlarmCardView.swift */ = {isa = PBXFileReference; lastKnownFileType = sourcecode.swift; path = AlarmCardView.swift; sourceTree = "<group>"; };
		D37594142C6BE06F006DB7AA /* ProfileSetupView.swift */ = {isa = PBXFileReference; lastKnownFileType = sourcecode.swift; path = ProfileSetupView.swift; sourceTree = "<group>"; };
		D37594162C6FFB0C006DB7AA /* AlarmRequestView.swift */ = {isa = PBXFileReference; lastKnownFileType = sourcecode.swift; path = AlarmRequestView.swift; sourceTree = "<group>"; };
		D375941C2C74061C006DB7AA /* AudioRecorderViewModel.swift */ = {isa = PBXFileReference; lastKnownFileType = sourcecode.swift; path = AudioRecorderViewModel.swift; sourceTree = "<group>"; };
		D38EEB7F2BA3719F0099D382 /* SharingAlarm.app */ = {isa = PBXFileReference; explicitFileType = wrapper.application; includeInIndex = 0; path = SharingAlarm.app; sourceTree = BUILT_PRODUCTS_DIR; };
		D38EEB822BA3719F0099D382 /* SharingAlarmApp.swift */ = {isa = PBXFileReference; lastKnownFileType = sourcecode.swift; path = SharingAlarmApp.swift; sourceTree = "<group>"; };
		D38EEB842BA3719F0099D382 /* ContentView.swift */ = {isa = PBXFileReference; lastKnownFileType = sourcecode.swift; path = ContentView.swift; sourceTree = "<group>"; };
		D38EEB862BA371A00099D382 /* Assets.xcassets */ = {isa = PBXFileReference; lastKnownFileType = folder.assetcatalog; path = Assets.xcassets; sourceTree = "<group>"; };
		D38EEB892BA371A00099D382 /* Preview Assets.xcassets */ = {isa = PBXFileReference; lastKnownFileType = folder.assetcatalog; path = "Preview Assets.xcassets"; sourceTree = "<group>"; };
		D38EEB8B2BA371A00099D382 /* Persistence.swift */ = {isa = PBXFileReference; lastKnownFileType = sourcecode.swift; path = Persistence.swift; sourceTree = "<group>"; };
		D38EEB8E2BA371A00099D382 /* SharingAlarm.xcdatamodel */ = {isa = PBXFileReference; lastKnownFileType = wrapper.xcdatamodel; path = SharingAlarm.xcdatamodel; sourceTree = "<group>"; };
		D38EEB942BA371A00099D382 /* SharingAlarmTests.xctest */ = {isa = PBXFileReference; explicitFileType = wrapper.cfbundle; includeInIndex = 0; path = SharingAlarmTests.xctest; sourceTree = BUILT_PRODUCTS_DIR; };
		D38EEB982BA371A00099D382 /* SharingAlarmTests.swift */ = {isa = PBXFileReference; lastKnownFileType = sourcecode.swift; path = SharingAlarmTests.swift; sourceTree = "<group>"; };
		D38EEB9E2BA371A00099D382 /* SharingAlarmUITests.xctest */ = {isa = PBXFileReference; explicitFileType = wrapper.cfbundle; includeInIndex = 0; path = SharingAlarmUITests.xctest; sourceTree = BUILT_PRODUCTS_DIR; };
		D38EEBA22BA371A00099D382 /* SharingAlarmUITests.swift */ = {isa = PBXFileReference; lastKnownFileType = sourcecode.swift; path = SharingAlarmUITests.swift; sourceTree = "<group>"; };
		D38EEBA42BA371A00099D382 /* SharingAlarmUITestsLaunchTests.swift */ = {isa = PBXFileReference; lastKnownFileType = sourcecode.swift; path = SharingAlarmUITestsLaunchTests.swift; sourceTree = "<group>"; };
		D38EEBB12BA3FC4E0099D382 /* LoginView.swift */ = {isa = PBXFileReference; lastKnownFileType = sourcecode.swift; path = LoginView.swift; sourceTree = "<group>"; };
		D38EEBB32BAD07570099D382 /* SharingAlarm.entitlements */ = {isa = PBXFileReference; lastKnownFileType = text.plist.entitlements; path = SharingAlarm.entitlements; sourceTree = "<group>"; };
		D39BCC6F2CB33424000E1782 /* GroupPickerView.swift */ = {isa = PBXFileReference; lastKnownFileType = sourcecode.swift; path = GroupPickerView.swift; sourceTree = "<group>"; };
		D39BCC712CB346D2000E1782 /* QRCodeView.swift */ = {isa = PBXFileReference; lastKnownFileType = sourcecode.swift; path = QRCodeView.swift; sourceTree = "<group>"; };
		D39CFEC92CA760F00089C7E9 /* Ringtone.swift */ = {isa = PBXFileReference; lastKnownFileType = sourcecode.swift; path = Ringtone.swift; sourceTree = "<group>"; };
		D39CFECB2CA784230089C7E9 /* icon11.png */ = {isa = PBXFileReference; lastKnownFileType = image.png; path = icon11.png; sourceTree = "<group>"; };
		D39CFECC2CA784230089C7E9 /* icon12.png */ = {isa = PBXFileReference; lastKnownFileType = image.png; path = icon12.png; sourceTree = "<group>"; };
		D39CFECD2CA784230089C7E9 /* icon13.png */ = {isa = PBXFileReference; lastKnownFileType = image.png; path = icon13.png; sourceTree = "<group>"; };
		D39CFED12CAB5B6A0089C7E9 /* FriendScrollView.swift */ = {isa = PBXFileReference; lastKnownFileType = sourcecode.swift; path = FriendScrollView.swift; sourceTree = "<group>"; };
		D3AB27FE2C7BE42600E8B3E0 /* beep-04.caf */ = {isa = PBXFileReference; lastKnownFileType = file; path = "beep-04.caf"; sourceTree = "<group>"; };
		D3AB28012C7D41DB00E8B3E0 /* IconSelectionView.swift */ = {isa = PBXFileReference; lastKnownFileType = sourcecode.swift; path = IconSelectionView.swift; sourceTree = "<group>"; };
		D3ABC8322BDE9799003D2265 /* AuthView.swift */ = {isa = PBXFileReference; lastKnownFileType = sourcecode.swift; path = AuthView.swift; sourceTree = "<group>"; };
		D3ABC8342BDE99FA003D2265 /* AuthedView.swift */ = {isa = PBXFileReference; lastKnownFileType = sourcecode.swift; path = AuthedView.swift; sourceTree = "<group>"; };
		D3ABC83E2BDF12D3003D2265 /* SignupView.swift */ = {isa = PBXFileReference; lastKnownFileType = sourcecode.swift; path = SignupView.swift; sourceTree = "<group>"; };
		D3AFBFDD2C796898008DA9DD /* Notification.appex */ = {isa = PBXFileReference; explicitFileType = "wrapper.app-extension"; includeInIndex = 0; path = Notification.appex; sourceTree = BUILT_PRODUCTS_DIR; };
		D3AFBFDF2C796898008DA9DD /* NotificationService.swift */ = {isa = PBXFileReference; lastKnownFileType = sourcecode.swift; path = NotificationService.swift; sourceTree = "<group>"; };
		D3AFBFE12C796898008DA9DD /* Info.plist */ = {isa = PBXFileReference; lastKnownFileType = text.plist.xml; path = Info.plist; sourceTree = "<group>"; };
		D3B469AA2C9BA17800D36E1D /* icon3.png */ = {isa = PBXFileReference; lastKnownFileType = image.png; path = icon3.png; sourceTree = "<group>"; };
		D3B469AB2C9BA17800D36E1D /* icon4.png */ = {isa = PBXFileReference; lastKnownFileType = image.png; path = icon4.png; sourceTree = "<group>"; };
		D3B469AC2C9BA17800D36E1D /* icon5.png */ = {isa = PBXFileReference; lastKnownFileType = image.png; path = icon5.png; sourceTree = "<group>"; };
		D3B469AD2C9BA17800D36E1D /* icon6.png */ = {isa = PBXFileReference; lastKnownFileType = image.png; path = icon6.png; sourceTree = "<group>"; };
		D3B469AE2C9BA17800D36E1D /* icon7.png */ = {isa = PBXFileReference; lastKnownFileType = image.png; path = icon7.png; sourceTree = "<group>"; };
		D3B469AF2C9BA17800D36E1D /* icon8.png */ = {isa = PBXFileReference; lastKnownFileType = image.png; path = icon8.png; sourceTree = "<group>"; };
		D3B469B02C9BA17800D36E1D /* icon9.png */ = {isa = PBXFileReference; lastKnownFileType = image.png; path = icon9.png; sourceTree = "<group>"; };
		D3B469B82C9BA8FD00D36E1D /* RiseOfPhoenix.caf */ = {isa = PBXFileReference; lastKnownFileType = file; path = RiseOfPhoenix.caf; sourceTree = "<group>"; };
		D3B469B92C9BA8FD00D36E1D /* SymphonyOfTheSoul.caf */ = {isa = PBXFileReference; lastKnownFileType = file; path = SymphonyOfTheSoul.caf; sourceTree = "<group>"; };
		D3B469BC2C9CA28200D36E1D /* FeedbackView.swift */ = {isa = PBXFileReference; lastKnownFileType = sourcecode.swift; path = FeedbackView.swift; sourceTree = "<group>"; };
		D3B469BE2C9DF21A00D36E1D /* LocalProducts.storekit */ = {isa = PBXFileReference; lastKnownFileType = text; name = LocalProducts.storekit; path = SharingAlarm/LocalProducts.storekit; sourceTree = SOURCE_ROOT; };
		D3B469C02C9DF3E700D36E1D /* StoreKitTestCertificate.cer */ = {isa = PBXFileReference; lastKnownFileType = file; name = StoreKitTestCertificate.cer; path = SharingAlarm/StoreKitTestCertificate.cer; sourceTree = SOURCE_ROOT; };
		D3B469C32C9DF78200D36E1D /* SyncedProducts.storekit */ = {isa = PBXFileReference; lastKnownFileType = text; path = SyncedProducts.storekit; sourceTree = "<group>"; };
		D3B469C52C9E26DD00D36E1D /* DeleteProfileView.swift */ = {isa = PBXFileReference; lastKnownFileType = sourcecode.swift; path = DeleteProfileView.swift; sourceTree = "<group>"; };
		D3B53B2C2BC4755B00B41769 /* FriendRequestCard.swift */ = {isa = PBXFileReference; lastKnownFileType = sourcecode.swift; path = FriendRequestCard.swift; sourceTree = "<group>"; };
		D3B53B2E2BC4E66000B41769 /* AlarmView.swift */ = {isa = PBXFileReference; lastKnownFileType = sourcecode.swift; path = AlarmView.swift; sourceTree = "<group>"; };
		D3B53B302BC4E6AA00B41769 /* AuthViewModel.swift */ = {isa = PBXFileReference; lastKnownFileType = sourcecode.swift; path = AuthViewModel.swift; sourceTree = "<group>"; };
		D3B53B332BC6204B00B41769 /* Harmony.caf */ = {isa = PBXFileReference; lastKnownFileType = file; path = Harmony.caf; sourceTree = "<group>"; };
		D3B53B352BC85A2D00B41769 /* GroupsViewModel.swift */ = {isa = PBXFileReference; lastKnownFileType = sourcecode.swift; path = GroupsViewModel.swift; sourceTree = "<group>"; };
		D3B53B372BC85B8A00B41769 /* GroupCard.swift */ = {isa = PBXFileReference; lastKnownFileType = sourcecode.swift; path = GroupCard.swift; sourceTree = "<group>"; };
		D3C0EF7D2BDD4FB400DA1795 /* CallManager.swift */ = {isa = PBXFileReference; lastKnownFileType = sourcecode.swift; path = CallManager.swift; sourceTree = "<group>"; };
		D3C0EF7F2BDD50E600DA1795 /* Info.plist */ = {isa = PBXFileReference; lastKnownFileType = text.plist; path = Info.plist; sourceTree = "<group>"; };
		D3C0EF802BDD884700DA1795 /* GoogleService-Info.plist */ = {isa = PBXFileReference; fileEncoding = 4; lastKnownFileType = text.plist.xml; path = "GoogleService-Info.plist"; sourceTree = "<group>"; };
		D3CAA1382C7E94D100B93A00 /* AppearanceSelectionView.swift */ = {isa = PBXFileReference; lastKnownFileType = sourcecode.swift; path = AppearanceSelectionView.swift; sourceTree = "<group>"; };
		D3CB391D2C6459DB00AF7052 /* CountDownTimerView.swift */ = {isa = PBXFileReference; lastKnownFileType = sourcecode.swift; path = CountDownTimerView.swift; sourceTree = "<group>"; };
		D3CB391F2C645A4D00AF7052 /* TimerViewModel.swift */ = {isa = PBXFileReference; lastKnownFileType = sourcecode.swift; path = TimerViewModel.swift; sourceTree = "<group>"; };
		D3DE34702C80F6C50000C48A /* AppIconDefault.png */ = {isa = PBXFileReference; lastKnownFileType = image.png; path = AppIconDefault.png; sourceTree = "<group>"; };
		D3DE34742C87C2B90000C48A /* AudioRecorderView.swift */ = {isa = PBXFileReference; lastKnownFileType = sourcecode.swift; path = AudioRecorderView.swift; sourceTree = "<group>"; };
		D3E611312C8BC58000EF3CFF /* NotificationBannerCard.swift */ = {isa = PBXFileReference; lastKnownFileType = sourcecode.swift; path = NotificationBannerCard.swift; sourceTree = "<group>"; };
		D3E7E8372BC0962500E36A4D /* StyleView.swift */ = {isa = PBXFileReference; lastKnownFileType = sourcecode.swift; path = StyleView.swift; sourceTree = "<group>"; };
		D3E870552C7DC03200CDA558 /* icon1@2x.png */ = {isa = PBXFileReference; lastKnownFileType = image.png; path = "icon1@2x.png"; sourceTree = "<group>"; };
		D3E870562C7DC03200CDA558 /* icon1@3x.png */ = {isa = PBXFileReference; lastKnownFileType = image.png; path = "icon1@3x.png"; sourceTree = "<group>"; };
		D3E870572C7DC03200CDA558 /* icon2@2x.png */ = {isa = PBXFileReference; lastKnownFileType = image.png; path = "icon2@2x.png"; sourceTree = "<group>"; };
		D3E870582C7DC03200CDA558 /* icon2@3x.png */ = {isa = PBXFileReference; lastKnownFileType = image.png; path = "icon2@3x.png"; sourceTree = "<group>"; };
		D3F614612CAF15450031AC0D /* UserCard.swift */ = {isa = PBXFileReference; lastKnownFileType = sourcecode.swift; path = UserCard.swift; sourceTree = "<group>"; };
		D3F614722CB0DA960031AC0D /* WelcomeView.swift */ = {isa = PBXFileReference; lastKnownFileType = sourcecode.swift; path = WelcomeView.swift; sourceTree = "<group>"; };
/* End PBXFileReference section */

/* Begin PBXFileSystemSynchronizedBuildFileExceptionSet section */
		D36C34302C97DE8800647F97 /* PBXFileSystemSynchronizedBuildFileExceptionSet */ = {
			isa = PBXFileSystemSynchronizedBuildFileExceptionSet;
			membershipExceptions = (
				Info.plist,
			);
			target = D36C341E2C97DE8700647F97 /* AlarmWidgetExtension */;
		};
		D36C34342C97DE9400647F97 /* PBXFileSystemSynchronizedBuildFileExceptionSet */ = {
			isa = PBXFileSystemSynchronizedBuildFileExceptionSet;
			membershipExceptions = (
				AlarmAttributes.swift,
			);
			target = D38EEB7E2BA3719F0099D382 /* SharingAlarm */;
		};
/* End PBXFileSystemSynchronizedBuildFileExceptionSet section */

/* Begin PBXFileSystemSynchronizedRootGroup section */
		D36C34252C97DE8700647F97 /* AlarmWidget */ = {isa = PBXFileSystemSynchronizedRootGroup; exceptions = (D36C34342C97DE9400647F97 /* PBXFileSystemSynchronizedBuildFileExceptionSet */, D36C34302C97DE8800647F97 /* PBXFileSystemSynchronizedBuildFileExceptionSet */, ); explicitFileTypes = {}; explicitFolders = (); path = AlarmWidget; sourceTree = "<group>"; };
/* End PBXFileSystemSynchronizedRootGroup section */

/* Begin PBXFrameworksBuildPhase section */
		D36C341C2C97DE8700647F97 /* Frameworks */ = {
			isa = PBXFrameworksBuildPhase;
			buildActionMask = 2147483647;
			files = (
				D36C34242C97DE8700647F97 /* SwiftUI.framework in Frameworks */,
				D36C34222C97DE8700647F97 /* WidgetKit.framework in Frameworks */,
			);
			runOnlyForDeploymentPostprocessing = 0;
		};
		D38EEB7C2BA3719F0099D382 /* Frameworks */ = {
			isa = PBXFrameworksBuildPhase;
			buildActionMask = 2147483647;
			files = (
				D3C0EF8A2BDD898000DA1795 /* FirebaseMessaging in Frameworks */,
				D3C0EF842BDD898000DA1795 /* FirebaseAnalytics in Frameworks */,
				D3C0EF862BDD898000DA1795 /* FirebaseAuth in Frameworks */,
				D375941B2C740566006DB7AA /* FirebaseStorage in Frameworks */,
				D3C0EF882BDD898000DA1795 /* FirebaseFirestore in Frameworks */,
			);
			runOnlyForDeploymentPostprocessing = 0;
		};
		D38EEB912BA371A00099D382 /* Frameworks */ = {
			isa = PBXFrameworksBuildPhase;
			buildActionMask = 2147483647;
			files = (
			);
			runOnlyForDeploymentPostprocessing = 0;
		};
		D38EEB9B2BA371A00099D382 /* Frameworks */ = {
			isa = PBXFrameworksBuildPhase;
			buildActionMask = 2147483647;
			files = (
			);
			runOnlyForDeploymentPostprocessing = 0;
		};
		D3AFBFDA2C796898008DA9DD /* Frameworks */ = {
			isa = PBXFrameworksBuildPhase;
			buildActionMask = 2147483647;
			files = (
			);
			runOnlyForDeploymentPostprocessing = 0;
		};
/* End PBXFrameworksBuildPhase section */

/* Begin PBXGroup section */
		D30FB1962BC3171100C88BBC /* ViewCards */ = {
			isa = PBXGroup;
			children = (
				D3F614612CAF15450031AC0D /* UserCard.swift */,
				D36A0FAB2C921B1C00633E02 /* CoinEarnedPopupCard.swift */,
				D3E611312C8BC58000EF3CFF /* NotificationBannerCard.swift */,
				D37594122C6979AC006DB7AA /* AlarmCardView.swift */,
				D30FB1972BC3172700C88BBC /* AddFriendCard.swift */,
				D3B53B2C2BC4755B00B41769 /* FriendRequestCard.swift */,
				D3B53B372BC85B8A00B41769 /* GroupCard.swift */,
			);
			path = ViewCards;
			sourceTree = "<group>";
		};
		D3372A962C63EA8A00D33713 /* Settings */ = {
			isa = PBXGroup;
			children = (
				D3B469BC2C9CA28200D36E1D /* FeedbackView.swift */,
				D3DE34742C87C2B90000C48A /* AudioRecorderView.swift */,
				D3AB28012C7D41DB00E8B3E0 /* IconSelectionView.swift */,
				D35372E72BBA7AE400B56F32 /* SettingsView.swift */,
				D3B469C52C9E26DD00D36E1D /* DeleteProfileView.swift */,
				D3372A972C63EAA200D33713 /* AlarmSoundView.swift */,
				D36A0FA02C8E672600633E02 /* RingtoneLib.swift */,
				D37594142C6BE06F006DB7AA /* ProfileSetupView.swift */,
				D3CAA1382C7E94D100B93A00 /* AppearanceSelectionView.swift */,
			);
			path = Settings;
			sourceTree = "<group>";
		};
		D337DFAA2C56F13100D33713 /* Views */ = {
			isa = PBXGroup;
			children = (
				D3F614722CB0DA960031AC0D /* WelcomeView.swift */,
				D36A0FAF2C93BE9200633E02 /* Animations.swift */,
				D36A0FA22C8E6E1400633E02 /* Tips.swift */,
				D36A0F9E2C8E609C00633E02 /* UIPlayground.swift */,
				D3B469C22C9DF3F000D36E1D /* Store */,
				D337DFB12C56F1D500D33713 /* Relationship */,
				D337DFAC2C56F14E00D33713 /* Auth */,
				D337DFAB2C56F14200D33713 /* Alarm */,
				D3372A962C63EA8A00D33713 /* Settings */,
				D3E7E8372BC0962500E36A4D /* StyleView.swift */,
				D35030A72C7D594E00C5F429 /* LaunchScreenView.swift */,
				D38EEB842BA3719F0099D382 /* ContentView.swift */,
				D31605762BC074F400A4089E /* LoadingView.swift */,
			);
			path = Views;
			sourceTree = "<group>";
		};
		D337DFAB2C56F14200D33713 /* Alarm */ = {
			isa = PBXGroup;
			children = (
				D39BCC6F2CB33424000E1782 /* GroupPickerView.swift */,
				D3717E452BC9796600440099 /* AlarmInterfaceView.swift */,
				D35372E12BBA7AAF00B56F32 /* AlarmsView.swift */,
				D3B53B2E2BC4E66000B41769 /* AlarmView.swift */,
				D337DFAD2C56F18D00D33713 /* AddAlarmView.swift */,
				D337DFAF2C56F1BA00D33713 /* EditAlarmView.swift */,
				D34A27502C642944009BB039 /* AlarmDetailView.swift */,
				D3CB391D2C6459DB00AF7052 /* CountDownTimerView.swift */,
				D37594162C6FFB0C006DB7AA /* AlarmRequestView.swift */,
			);
			path = Alarm;
			sourceTree = "<group>";
		};
		D337DFAC2C56F14E00D33713 /* Auth */ = {
			isa = PBXGroup;
			children = (
				D3ABC8322BDE9799003D2265 /* AuthView.swift */,
				D3ABC8342BDE99FA003D2265 /* AuthedView.swift */,
				D38EEBB12BA3FC4E0099D382 /* LoginView.swift */,
				D3ABC83E2BDF12D3003D2265 /* SignupView.swift */,
			);
			path = Auth;
			sourceTree = "<group>";
		};
		D337DFB12C56F1D500D33713 /* Relationship */ = {
			isa = PBXGroup;
			children = (
				D35372E32BBA7AD200B56F32 /* GroupsView.swift */,
				D3632D282BCF2420004F02FD /* GroupDetailView.swift */,
				D337DFB42C56F22400D33713 /* AddGroupView.swift */,
				D35372E52BBA7ADA00B56F32 /* FriendsView.swift */,
				D39CFED12CAB5B6A0089C7E9 /* FriendScrollView.swift */,
				D337DFB22C56F20100D33713 /* AddFriendView.swift */,
				D39BCC712CB346D2000E1782 /* QRCodeView.swift */,
			);
			path = Relationship;
			sourceTree = "<group>";
		};
		D35281112CB34EDB00C99FCA /* Fonts */ = {
			isa = PBXGroup;
			children = (
				D35281122CB34F0100C99FCA /* AfacadFlux-VariableFont_slnt,wght.ttf */,
			);
			path = Fonts;
			sourceTree = "<group>";
		};
		D35372F02BBB7D9500B56F32 /* ViewModels */ = {
			isa = PBXGroup;
			children = (
				D36A0FA62C91092C00633E02 /* EconomyViewModel.swift */,
				D3B53B302BC4E6AA00B41769 /* AuthViewModel.swift */,
				D35372F12BBB7DAC00B56F32 /* UserViewModel.swift */,
				D35372E92BBA7F4E00B56F32 /* AlarmsViewModel.swift */,
				D35372EB2BBB722D00B56F32 /* FriendsViewModel.swift */,
				D3B53B352BC85A2D00B41769 /* GroupsViewModel.swift */,
				D3CB391F2C645A4D00AF7052 /* TimerViewModel.swift */,
				D375941C2C74061C006DB7AA /* AudioRecorderViewModel.swift */,
			);
			path = ViewModels;
			sourceTree = "<group>";
		};
		D36BD67F2CA0905A0014A985 /* Models */ = {
			isa = PBXGroup;
			children = (
				D36BD6802CA090650014A985 /* IconTask.swift */,
				D39CFEC92CA760F00089C7E9 /* Ringtone.swift */,
			);
			path = Models;
			sourceTree = "<group>";
		};
		D36C34202C97DE8700647F97 /* Frameworks */ = {
			isa = PBXGroup;
			children = (
				D36C34212C97DE8700647F97 /* WidgetKit.framework */,
				D36C34232C97DE8700647F97 /* SwiftUI.framework */,
			);
			name = Frameworks;
			sourceTree = "<group>";
		};
		D38EEB762BA3719F0099D382 = {
			isa = PBXGroup;
			children = (
				D38EEB812BA3719F0099D382 /* SharingAlarm */,
				D38EEB972BA371A00099D382 /* SharingAlarmTests */,
				D38EEBA12BA371A00099D382 /* SharingAlarmUITests */,
				D3AFBFDE2C796898008DA9DD /* Notification */,
				D36C34252C97DE8700647F97 /* AlarmWidget */,
				D36C34202C97DE8700647F97 /* Frameworks */,
				D38EEB802BA3719F0099D382 /* Products */,
			);
			sourceTree = "<group>";
		};
		D38EEB802BA3719F0099D382 /* Products */ = {
			isa = PBXGroup;
			children = (
				D38EEB7F2BA3719F0099D382 /* SharingAlarm.app */,
				D38EEB942BA371A00099D382 /* SharingAlarmTests.xctest */,
				D38EEB9E2BA371A00099D382 /* SharingAlarmUITests.xctest */,
				D3AFBFDD2C796898008DA9DD /* Notification.appex */,
				D36C341F2C97DE8700647F97 /* AlarmWidgetExtension.appex */,
			);
			name = Products;
			sourceTree = "<group>";
		};
		D38EEB812BA3719F0099D382 /* SharingAlarm */ = {
			isa = PBXGroup;
			children = (
				D36A0FA42C8FC69C00633E02 /* FileManager+.swift */,
				D3C0EF802BDD884700DA1795 /* GoogleService-Info.plist */,
				D3C0EF7F2BDD50E600DA1795 /* Info.plist */,
				D3B53B322BC6203500B41769 /* Resources */,
				D30FB1962BC3171100C88BBC /* ViewCards */,
				D35372F02BBB7D9500B56F32 /* ViewModels */,
				D38EEBB32BAD07570099D382 /* SharingAlarm.entitlements */,
				D35281182CB37AC300C99FCA /* AppDelegate.swift */,
				D38EEB822BA3719F0099D382 /* SharingAlarmApp.swift */,
				D36BD67F2CA0905A0014A985 /* Models */,
				D337DFAA2C56F13100D33713 /* Views */,
				D38EEB862BA371A00099D382 /* Assets.xcassets */,
				D38EEB8B2BA371A00099D382 /* Persistence.swift */,
				D38EEB8D2BA371A00099D382 /* SharingAlarm.xcdatamodeld */,
				D38EEB882BA371A00099D382 /* Preview Content */,
				D35372ED2BBB738300B56F32 /* Friendship.xcdatamodeld */,
				D3C0EF7D2BDD4FB400DA1795 /* CallManager.swift */,
			);
			path = SharingAlarm;
			sourceTree = "<group>";
		};
		D38EEB882BA371A00099D382 /* Preview Content */ = {
			isa = PBXGroup;
			children = (
				D38EEB892BA371A00099D382 /* Preview Assets.xcassets */,
			);
			path = "Preview Content";
			sourceTree = "<group>";
		};
		D38EEB972BA371A00099D382 /* SharingAlarmTests */ = {
			isa = PBXGroup;
			children = (
				D38EEB982BA371A00099D382 /* SharingAlarmTests.swift */,
			);
			path = SharingAlarmTests;
			sourceTree = "<group>";
		};
		D38EEBA12BA371A00099D382 /* SharingAlarmUITests */ = {
			isa = PBXGroup;
			children = (
				D38EEBA22BA371A00099D382 /* SharingAlarmUITests.swift */,
				D38EEBA42BA371A00099D382 /* SharingAlarmUITestsLaunchTests.swift */,
			);
			path = SharingAlarmUITests;
			sourceTree = "<group>";
		};
		D3AFBFDE2C796898008DA9DD /* Notification */ = {
			isa = PBXGroup;
			children = (
				D36C343C2C9A42D800647F97 /* Notification.entitlements */,
				D36C343A2C9A01C300647F97 /* Classic.caf */,
				D3AFBFDF2C796898008DA9DD /* NotificationService.swift */,
				D3AFBFE12C796898008DA9DD /* Info.plist */,
			);
			path = Notification;
			sourceTree = "<group>";
		};
		D3B469C22C9DF3F000D36E1D /* Store */ = {
			isa = PBXGroup;
			children = (
				D3B469BE2C9DF21A00D36E1D /* LocalProducts.storekit */,
				D3B469C02C9DF3E700D36E1D /* StoreKitTestCertificate.cer */,
				D3B469C32C9DF78200D36E1D /* SyncedProducts.storekit */,
				D36A0FAD2C92401C00633E02 /* PremiumStoreView.swift */,
			);
			path = Store;
			sourceTree = "<group>";
		};
		D3B53B322BC6203500B41769 /* Resources */ = {
			isa = PBXGroup;
			children = (
				D35281112CB34EDB00C99FCA /* Fonts */,
				D3E8705A2C7DC03200CDA558 /* AppIcons */,
				D3B469B82C9BA8FD00D36E1D /* RiseOfPhoenix.caf */,
				D3B469B92C9BA8FD00D36E1D /* SymphonyOfTheSoul.caf */,
				D3AB27FE2C7BE42600E8B3E0 /* beep-04.caf */,
				D33B87362C77117C002C11D4 /* Classic.caf */,
				D33B87372C77117C002C11D4 /* Oversimplified.caf */,
				D31753622C75461F00EF3D55 /* Propaganda.caf */,
				D3B53B332BC6204B00B41769 /* Harmony.caf */,
			);
			path = Resources;
			sourceTree = "<group>";
		};
		D3CAA1302C7DC5B900B93A00 /* icon1 */ = {
			isa = PBXGroup;
			children = (
				D3E870552C7DC03200CDA558 /* icon1@2x.png */,
				D3E870562C7DC03200CDA558 /* icon1@3x.png */,
			);
			path = icon1;
			sourceTree = "<group>";
		};
		D3CAA1352C7E4F5500B93A00 /* icon2 */ = {
			isa = PBXGroup;
			children = (
				D3E870572C7DC03200CDA558 /* icon2@2x.png */,
				D3E870582C7DC03200CDA558 /* icon2@3x.png */,
			);
			path = icon2;
			sourceTree = "<group>";
		};
		D3E8705A2C7DC03200CDA558 /* AppIcons */ = {
			isa = PBXGroup;
			children = (
				D3B469AA2C9BA17800D36E1D /* icon3.png */,
				D3B469AB2C9BA17800D36E1D /* icon4.png */,
				D3B469AC2C9BA17800D36E1D /* icon5.png */,
				D3B469AD2C9BA17800D36E1D /* icon6.png */,
				D3B469AE2C9BA17800D36E1D /* icon7.png */,
				D3B469AF2C9BA17800D36E1D /* icon8.png */,
				D3B469B02C9BA17800D36E1D /* icon9.png */,
				D36BD6822CA0C2AB0014A985 /* icon10.png */,
				D39CFECB2CA784230089C7E9 /* icon11.png */,
				D39CFECC2CA784230089C7E9 /* icon12.png */,
				D39CFECD2CA784230089C7E9 /* icon13.png */,
				D3DE34702C80F6C50000C48A /* AppIconDefault.png */,
				D3CAA1302C7DC5B900B93A00 /* icon1 */,
				D3CAA1352C7E4F5500B93A00 /* icon2 */,
			);
			path = AppIcons;
			sourceTree = "<group>";
		};
/* End PBXGroup section */

/* Begin PBXNativeTarget section */
		D36C341E2C97DE8700647F97 /* AlarmWidgetExtension */ = {
			isa = PBXNativeTarget;
			buildConfigurationList = D36C34312C97DE8800647F97 /* Build configuration list for PBXNativeTarget "AlarmWidgetExtension" */;
			buildPhases = (
				D36C341B2C97DE8700647F97 /* Sources */,
				D36C341C2C97DE8700647F97 /* Frameworks */,
				D36C341D2C97DE8700647F97 /* Resources */,
			);
			buildRules = (
			);
			dependencies = (
			);
			fileSystemSynchronizedGroups = (
				D36C34252C97DE8700647F97 /* AlarmWidget */,
			);
			name = AlarmWidgetExtension;
			packageProductDependencies = (
			);
			productName = AlarmWidgetExtension;
			productReference = D36C341F2C97DE8700647F97 /* AlarmWidgetExtension.appex */;
			productType = "com.apple.product-type.app-extension";
		};
		D38EEB7E2BA3719F0099D382 /* SharingAlarm */ = {
			isa = PBXNativeTarget;
			buildConfigurationList = D38EEBA82BA371A00099D382 /* Build configuration list for PBXNativeTarget "SharingAlarm" */;
			buildPhases = (
				D38EEB7B2BA3719F0099D382 /* Sources */,
				D38EEB7C2BA3719F0099D382 /* Frameworks */,
				D38EEB7D2BA3719F0099D382 /* Resources */,
				D3AFBFE82C796898008DA9DD /* Embed Foundation Extensions */,
			);
			buildRules = (
			);
			dependencies = (
				D3AFBFE32C796898008DA9DD /* PBXTargetDependency */,
				D36C342E2C97DE8800647F97 /* PBXTargetDependency */,
			);
			name = SharingAlarm;
			packageProductDependencies = (
				D3C0EF832BDD898000DA1795 /* FirebaseAnalytics */,
				D3C0EF852BDD898000DA1795 /* FirebaseAuth */,
				D3C0EF872BDD898000DA1795 /* FirebaseFirestore */,
				D3C0EF892BDD898000DA1795 /* FirebaseMessaging */,
				D375941A2C740566006DB7AA /* FirebaseStorage */,
			);
			productName = SharingAlarm;
			productReference = D38EEB7F2BA3719F0099D382 /* SharingAlarm.app */;
			productType = "com.apple.product-type.application";
		};
		D38EEB932BA371A00099D382 /* SharingAlarmTests */ = {
			isa = PBXNativeTarget;
			buildConfigurationList = D38EEBAB2BA371A00099D382 /* Build configuration list for PBXNativeTarget "SharingAlarmTests" */;
			buildPhases = (
				D38EEB902BA371A00099D382 /* Sources */,
				D38EEB912BA371A00099D382 /* Frameworks */,
				D38EEB922BA371A00099D382 /* Resources */,
			);
			buildRules = (
			);
			dependencies = (
				D38EEB962BA371A00099D382 /* PBXTargetDependency */,
			);
			name = SharingAlarmTests;
			productName = SharingAlarmTests;
			productReference = D38EEB942BA371A00099D382 /* SharingAlarmTests.xctest */;
			productType = "com.apple.product-type.bundle.unit-test";
		};
		D38EEB9D2BA371A00099D382 /* SharingAlarmUITests */ = {
			isa = PBXNativeTarget;
			buildConfigurationList = D38EEBAE2BA371A00099D382 /* Build configuration list for PBXNativeTarget "SharingAlarmUITests" */;
			buildPhases = (
				D38EEB9A2BA371A00099D382 /* Sources */,
				D38EEB9B2BA371A00099D382 /* Frameworks */,
				D38EEB9C2BA371A00099D382 /* Resources */,
			);
			buildRules = (
			);
			dependencies = (
				D38EEBA02BA371A00099D382 /* PBXTargetDependency */,
			);
			name = SharingAlarmUITests;
			productName = SharingAlarmUITests;
			productReference = D38EEB9E2BA371A00099D382 /* SharingAlarmUITests.xctest */;
			productType = "com.apple.product-type.bundle.ui-testing";
		};
		D3AFBFDC2C796898008DA9DD /* Notification */ = {
			isa = PBXNativeTarget;
			buildConfigurationList = D3AFBFE52C796898008DA9DD /* Build configuration list for PBXNativeTarget "Notification" */;
			buildPhases = (
				D3AFBFD92C796898008DA9DD /* Sources */,
				D3AFBFDA2C796898008DA9DD /* Frameworks */,
				D3AFBFDB2C796898008DA9DD /* Resources */,
			);
			buildRules = (
			);
			dependencies = (
			);
			name = Notification;
			productName = Notification;
			productReference = D3AFBFDD2C796898008DA9DD /* Notification.appex */;
			productType = "com.apple.product-type.app-extension";
		};
/* End PBXNativeTarget section */

/* Begin PBXProject section */
		D38EEB772BA3719F0099D382 /* Project object */ = {
			isa = PBXProject;
			attributes = {
				BuildIndependentTargetsInParallel = 1;
				LastSwiftUpdateCheck = 1610;
				LastUpgradeCheck = 1610;
				TargetAttributes = {
					D36C341E2C97DE8700647F97 = {
						CreatedOnToolsVersion = 16.1;
						LastSwiftMigration = 1610;
					};
					D38EEB7E2BA3719F0099D382 = {
						CreatedOnToolsVersion = 15.2;
					};
					D38EEB932BA371A00099D382 = {
						CreatedOnToolsVersion = 15.2;
						TestTargetID = D38EEB7E2BA3719F0099D382;
					};
					D38EEB9D2BA371A00099D382 = {
						CreatedOnToolsVersion = 15.2;
						TestTargetID = D38EEB7E2BA3719F0099D382;
					};
					D3AFBFDC2C796898008DA9DD = {
						CreatedOnToolsVersion = 15.4;
					};
				};
			};
			buildConfigurationList = D38EEB7A2BA3719F0099D382 /* Build configuration list for PBXProject "SharingAlarm" */;
			compatibilityVersion = "Xcode 14.0";
			developmentRegion = en;
			hasScannedForEncodings = 0;
			knownRegions = (
				en,
				Base,
			);
			mainGroup = D38EEB762BA3719F0099D382;
			packageReferences = (
				D3C0EF822BDD898000DA1795 /* XCRemoteSwiftPackageReference "firebase-ios-sdk" */,
			);
			productRefGroup = D38EEB802BA3719F0099D382 /* Products */;
			projectDirPath = "";
			projectRoot = "";
			targets = (
				D38EEB7E2BA3719F0099D382 /* SharingAlarm */,
				D38EEB932BA371A00099D382 /* SharingAlarmTests */,
				D38EEB9D2BA371A00099D382 /* SharingAlarmUITests */,
				D3AFBFDC2C796898008DA9DD /* Notification */,
				D36C341E2C97DE8700647F97 /* AlarmWidgetExtension */,
			);
		};
/* End PBXProject section */

/* Begin PBXResourcesBuildPhase section */
		D36C341D2C97DE8700647F97 /* Resources */ = {
			isa = PBXResourcesBuildPhase;
			buildActionMask = 2147483647;
			files = (
			);
			runOnlyForDeploymentPostprocessing = 0;
		};
		D38EEB7D2BA3719F0099D382 /* Resources */ = {
			isa = PBXResourcesBuildPhase;
			buildActionMask = 2147483647;
			files = (
				D3CAA1342C7E491600B93A00 /* Preview Assets.xcassets in Resources */,
				D3C0EF812BDD884700DA1795 /* GoogleService-Info.plist in Resources */,
				D31753632C75461F00EF3D55 /* Propaganda.caf in Resources */,
				D3AB28002C7BE42600E8B3E0 /* beep-04.caf in Resources */,
				D33B873A2C77117C002C11D4 /* Oversimplified.caf in Resources */,
				D3DE34712C80F6C50000C48A /* AppIconDefault.png in Resources */,
				D3B469BF2C9DF21A00D36E1D /* LocalProducts.storekit in Resources */,
				D3B469BA2C9BA8FD00D36E1D /* SymphonyOfTheSoul.caf in Resources */,
				D35281142CB34F0100C99FCA /* AfacadFlux-VariableFont_slnt,wght.ttf in Resources */,
				D3B469C42C9DF78200D36E1D /* SyncedProducts.storekit in Resources */,
				D3B469BB2C9BA8FD00D36E1D /* RiseOfPhoenix.caf in Resources */,
				D39CFECE2CA784230089C7E9 /* icon11.png in Resources */,
				D39CFECF2CA784230089C7E9 /* icon13.png in Resources */,
				D39CFED02CA784230089C7E9 /* icon12.png in Resources */,
				D33B873C2C77117C002C11D4 /* Classic.caf in Resources */,
				D3B53B342BC6204B00B41769 /* Harmony.caf in Resources */,
				D3B469C12C9DF3E700D36E1D /* StoreKitTestCertificate.cer in Resources */,
				D3E8705D2C7DC03200CDA558 /* icon2@2x.png in Resources */,
				D3E8705E2C7DC03200CDA558 /* icon2@3x.png in Resources */,
				D3E8705B2C7DC03200CDA558 /* icon1@2x.png in Resources */,
				D3B469B12C9BA17800D36E1D /* icon3.png in Resources */,
				D36BD6832CA0C2AB0014A985 /* icon10.png in Resources */,
				D3B469B22C9BA17800D36E1D /* icon6.png in Resources */,
				D3B469B32C9BA17800D36E1D /* icon5.png in Resources */,
				D3B469B42C9BA17800D36E1D /* icon4.png in Resources */,
				D3B469B52C9BA17800D36E1D /* icon9.png in Resources */,
				D3B469B62C9BA17800D36E1D /* icon7.png in Resources */,
				D3B469B72C9BA17800D36E1D /* icon8.png in Resources */,
				D3E8705C2C7DC03200CDA558 /* icon1@3x.png in Resources */,
				D38EEB872BA371A00099D382 /* Assets.xcassets in Resources */,
			);
			runOnlyForDeploymentPostprocessing = 0;
		};
		D38EEB922BA371A00099D382 /* Resources */ = {
			isa = PBXResourcesBuildPhase;
			buildActionMask = 2147483647;
			files = (
			);
			runOnlyForDeploymentPostprocessing = 0;
		};
		D38EEB9C2BA371A00099D382 /* Resources */ = {
			isa = PBXResourcesBuildPhase;
			buildActionMask = 2147483647;
			files = (
			);
			runOnlyForDeploymentPostprocessing = 0;
		};
		D3AFBFDB2C796898008DA9DD /* Resources */ = {
			isa = PBXResourcesBuildPhase;
			buildActionMask = 2147483647;
			files = (
				D3AB27FF2C7BE42600E8B3E0 /* beep-04.caf in Resources */,
				D36C343B2C9A01C300647F97 /* Classic.caf in Resources */,
			);
			runOnlyForDeploymentPostprocessing = 0;
		};
/* End PBXResourcesBuildPhase section */

/* Begin PBXSourcesBuildPhase section */
		D36C341B2C97DE8700647F97 /* Sources */ = {
			isa = PBXSourcesBuildPhase;
			buildActionMask = 2147483647;
			files = (
			);
			runOnlyForDeploymentPostprocessing = 0;
		};
		D38EEB7B2BA3719F0099D382 /* Sources */ = {
			isa = PBXSourcesBuildPhase;
			buildActionMask = 2147483647;
			files = (
				D3CB391E2C6459DB00AF7052 /* CountDownTimerView.swift in Sources */,
				D3372A982C63EAA200D33713 /* AlarmSoundView.swift in Sources */,
				D34A27512C642944009BB039 /* AlarmDetailView.swift in Sources */,
				D36A0FA52C8FC6A500633E02 /* FileManager+.swift in Sources */,
				D3E7E8382BC0962500E36A4D /* StyleView.swift in Sources */,
				D35372F22BBB7DAC00B56F32 /* UserViewModel.swift in Sources */,
				D3717E462BC9796600440099 /* AlarmInterfaceView.swift in Sources */,
				D39CFED22CAB5B730089C7E9 /* FriendScrollView.swift in Sources */,
				D3C0EF7E2BDD4FB400DA1795 /* CallManager.swift in Sources */,
				D35372E22BBA7AAF00B56F32 /* AlarmsView.swift in Sources */,
				D37594172C6FFB0C006DB7AA /* AlarmRequestView.swift in Sources */,
				D375941D2C74061C006DB7AA /* AudioRecorderViewModel.swift in Sources */,
				D35030A82C7D594F00C5F429 /* LaunchScreenView.swift in Sources */,
				D38EEB8C2BA371A00099D382 /* Persistence.swift in Sources */,
				D36BD6812CA0906E0014A985 /* IconTask.swift in Sources */,
				D35372EC2BBB722D00B56F32 /* FriendsViewModel.swift in Sources */,
				D3B53B382BC85B8A00B41769 /* GroupCard.swift in Sources */,
				D35372E62BBA7ADA00B56F32 /* FriendsView.swift in Sources */,
				D3B469C62C9E26E300D36E1D /* DeleteProfileView.swift in Sources */,
				D39BCC702CB3342D000E1782 /* GroupPickerView.swift in Sources */,
				D3CAA1392C7E94D100B93A00 /* AppearanceSelectionView.swift in Sources */,
				D3ABC83F2BDF12D3003D2265 /* SignupView.swift in Sources */,
				D3B53B312BC4E6AA00B41769 /* AuthViewModel.swift in Sources */,
				D31605772BC074F400A4089E /* LoadingView.swift in Sources */,
				D39BCC722CB346D5000E1782 /* QRCodeView.swift in Sources */,
				D337DFB02C56F1BA00D33713 /* EditAlarmView.swift in Sources */,
				D3ABC8352BDE99FA003D2265 /* AuthedView.swift in Sources */,
				D35372E82BBA7AE400B56F32 /* SettingsView.swift in Sources */,
				D35281192CB37AC800C99FCA /* AppDelegate.swift in Sources */,
				D3B53B362BC85A2D00B41769 /* GroupsViewModel.swift in Sources */,
				D37594132C6979AC006DB7AA /* AlarmCardView.swift in Sources */,
				D35372EA2BBA7F4E00B56F32 /* AlarmsViewModel.swift in Sources */,
				D337DFB52C56F22400D33713 /* AddGroupView.swift in Sources */,
				D30FB1982BC3172700C88BBC /* AddFriendCard.swift in Sources */,
				D3DE34752C87C2BA0000C48A /* AudioRecorderView.swift in Sources */,
				D39CFECA2CA760F30089C7E9 /* Ringtone.swift in Sources */,
				D337DFB32C56F20100D33713 /* AddFriendView.swift in Sources */,
				D36A0FAE2C92402100633E02 /* PremiumStoreView.swift in Sources */,
				D36A0FA72C91093000633E02 /* EconomyViewModel.swift in Sources */,
				D36A0F9F2C8E60A100633E02 /* UIPlayground.swift in Sources */,
				D3AB28022C7D41DD00E8B3E0 /* IconSelectionView.swift in Sources */,
				D38EEB852BA3719F0099D382 /* ContentView.swift in Sources */,
				D3ABC8332BDE9799003D2265 /* AuthView.swift in Sources */,
				D37594152C6BE06F006DB7AA /* ProfileSetupView.swift in Sources */,
				D35372EF2BBB738300B56F32 /* Friendship.xcdatamodeld in Sources */,
				D36A0FA12C8E672D00633E02 /* RingtoneLib.swift in Sources */,
				D35372E42BBA7AD200B56F32 /* GroupsView.swift in Sources */,
				D3CB39202C645A4D00AF7052 /* TimerViewModel.swift in Sources */,
				D38EEB8F2BA371A00099D382 /* SharingAlarm.xcdatamodeld in Sources */,
				D3B53B2D2BC4755B00B41769 /* FriendRequestCard.swift in Sources */,
				D3F614622CAF154D0031AC0D /* UserCard.swift in Sources */,
				D38EEBB22BA3FC4E0099D382 /* LoginView.swift in Sources */,
				D3632D292BCF2420004F02FD /* GroupDetailView.swift in Sources */,
				D3B53B2F2BC4E66000B41769 /* AlarmView.swift in Sources */,
				D3B469BD2C9CA28600D36E1D /* FeedbackView.swift in Sources */,
				D36A0FB02C93BE9400633E02 /* Animations.swift in Sources */,
				D36A0FA32C8E6E1600633E02 /* Tips.swift in Sources */,
				D3F614732CB0DA990031AC0D /* WelcomeView.swift in Sources */,
				D337DFAE2C56F18D00D33713 /* AddAlarmView.swift in Sources */,
				D3E611322C8BC58D00EF3CFF /* NotificationBannerCard.swift in Sources */,
				D36A0FAC2C921B2100633E02 /* CoinEarnedPopupCard.swift in Sources */,
				D38EEB832BA3719F0099D382 /* SharingAlarmApp.swift in Sources */,
			);
			runOnlyForDeploymentPostprocessing = 0;
		};
		D38EEB902BA371A00099D382 /* Sources */ = {
			isa = PBXSourcesBuildPhase;
			buildActionMask = 2147483647;
			files = (
				D38EEB992BA371A00099D382 /* SharingAlarmTests.swift in Sources */,
			);
			runOnlyForDeploymentPostprocessing = 0;
		};
		D38EEB9A2BA371A00099D382 /* Sources */ = {
			isa = PBXSourcesBuildPhase;
			buildActionMask = 2147483647;
			files = (
				D38EEBA32BA371A00099D382 /* SharingAlarmUITests.swift in Sources */,
				D38EEBA52BA371A00099D382 /* SharingAlarmUITestsLaunchTests.swift in Sources */,
			);
			runOnlyForDeploymentPostprocessing = 0;
		};
		D3AFBFD92C796898008DA9DD /* Sources */ = {
			isa = PBXSourcesBuildPhase;
			buildActionMask = 2147483647;
			files = (
				D3AFBFE02C796898008DA9DD /* NotificationService.swift in Sources */,
			);
			runOnlyForDeploymentPostprocessing = 0;
		};
/* End PBXSourcesBuildPhase section */

/* Begin PBXTargetDependency section */
		D36C342E2C97DE8800647F97 /* PBXTargetDependency */ = {
			isa = PBXTargetDependency;
			target = D36C341E2C97DE8700647F97 /* AlarmWidgetExtension */;
			targetProxy = D36C342D2C97DE8800647F97 /* PBXContainerItemProxy */;
		};
		D38EEB962BA371A00099D382 /* PBXTargetDependency */ = {
			isa = PBXTargetDependency;
			target = D38EEB7E2BA3719F0099D382 /* SharingAlarm */;
			targetProxy = D38EEB952BA371A00099D382 /* PBXContainerItemProxy */;
		};
		D38EEBA02BA371A00099D382 /* PBXTargetDependency */ = {
			isa = PBXTargetDependency;
			target = D38EEB7E2BA3719F0099D382 /* SharingAlarm */;
			targetProxy = D38EEB9F2BA371A00099D382 /* PBXContainerItemProxy */;
		};
		D3AFBFE32C796898008DA9DD /* PBXTargetDependency */ = {
			isa = PBXTargetDependency;
			target = D3AFBFDC2C796898008DA9DD /* Notification */;
			targetProxy = D3AFBFE22C796898008DA9DD /* PBXContainerItemProxy */;
		};
/* End PBXTargetDependency section */

/* Begin XCBuildConfiguration section */
		D36C34322C97DE8800647F97 /* Debug */ = {
			isa = XCBuildConfiguration;
			buildSettings = {
				ASSETCATALOG_COMPILER_GLOBAL_ACCENT_COLOR_NAME = AccentColor;
				ASSETCATALOG_COMPILER_WIDGET_BACKGROUND_COLOR_NAME = WidgetBackground;
				CLANG_ENABLE_MODULES = YES;
				CODE_SIGN_STYLE = Automatic;
				CURRENT_PROJECT_VERSION = 1;
				DEVELOPMENT_TEAM = 528US555T2;
				GENERATE_INFOPLIST_FILE = YES;
				INFOPLIST_FILE = AlarmWidget/Info.plist;
				INFOPLIST_KEY_CFBundleDisplayName = AlarmWidget;
				INFOPLIST_KEY_NSHumanReadableCopyright = "";
				INFOPLIST_KEY_NSSupportsLiveActivities = YES;
				IPHONEOS_DEPLOYMENT_TARGET = 16.1;
				LD_RUNPATH_SEARCH_PATHS = (
					"$(inherited)",
					"@executable_path/Frameworks",
					"@executable_path/../../Frameworks",
				);
				MARKETING_VERSION = 1.0;
				PRODUCT_BUNDLE_IDENTIFIER = com.cyc0825.SharingAlarm.AlarmWidget;
				PRODUCT_NAME = "$(TARGET_NAME)";
				SKIP_INSTALL = YES;
				SWIFT_EMIT_LOC_STRINGS = YES;
				SWIFT_OPTIMIZATION_LEVEL = "-Onone";
				SWIFT_VERSION = 5.0;
				TARGETED_DEVICE_FAMILY = "1,2";
			};
			name = Debug;
		};
		D36C34332C97DE8800647F97 /* Release */ = {
			isa = XCBuildConfiguration;
			buildSettings = {
				ASSETCATALOG_COMPILER_GLOBAL_ACCENT_COLOR_NAME = AccentColor;
				ASSETCATALOG_COMPILER_WIDGET_BACKGROUND_COLOR_NAME = WidgetBackground;
				CLANG_ENABLE_MODULES = YES;
				CODE_SIGN_STYLE = Automatic;
				CURRENT_PROJECT_VERSION = 1;
				DEVELOPMENT_TEAM = 528US555T2;
				GENERATE_INFOPLIST_FILE = YES;
				INFOPLIST_FILE = AlarmWidget/Info.plist;
				INFOPLIST_KEY_CFBundleDisplayName = AlarmWidget;
				INFOPLIST_KEY_NSHumanReadableCopyright = "";
				INFOPLIST_KEY_NSSupportsLiveActivities = YES;
				IPHONEOS_DEPLOYMENT_TARGET = 16.1;
				LD_RUNPATH_SEARCH_PATHS = (
					"$(inherited)",
					"@executable_path/Frameworks",
					"@executable_path/../../Frameworks",
				);
				MARKETING_VERSION = 1.0;
				PRODUCT_BUNDLE_IDENTIFIER = com.cyc0825.SharingAlarm.AlarmWidget;
				PRODUCT_NAME = "$(TARGET_NAME)";
				SKIP_INSTALL = YES;
				SWIFT_EMIT_LOC_STRINGS = YES;
				SWIFT_VERSION = 5.0;
				TARGETED_DEVICE_FAMILY = "1,2";
			};
			name = Release;
		};
		D38EEBA62BA371A00099D382 /* Debug */ = {
			isa = XCBuildConfiguration;
			buildSettings = {
				ALWAYS_SEARCH_USER_PATHS = NO;
				ASSETCATALOG_COMPILER_GENERATE_SWIFT_ASSET_SYMBOL_EXTENSIONS = YES;
				CLANG_ANALYZER_NONNULL = YES;
				CLANG_ANALYZER_NUMBER_OBJECT_CONVERSION = YES_AGGRESSIVE;
				CLANG_CXX_LANGUAGE_STANDARD = "gnu++20";
				CLANG_ENABLE_MODULES = YES;
				CLANG_ENABLE_OBJC_ARC = YES;
				CLANG_ENABLE_OBJC_WEAK = YES;
				CLANG_WARN_BLOCK_CAPTURE_AUTORELEASING = YES;
				CLANG_WARN_BOOL_CONVERSION = YES;
				CLANG_WARN_COMMA = YES;
				CLANG_WARN_CONSTANT_CONVERSION = YES;
				CLANG_WARN_DEPRECATED_OBJC_IMPLEMENTATIONS = YES;
				CLANG_WARN_DIRECT_OBJC_ISA_USAGE = YES_ERROR;
				CLANG_WARN_DOCUMENTATION_COMMENTS = YES;
				CLANG_WARN_EMPTY_BODY = YES;
				CLANG_WARN_ENUM_CONVERSION = YES;
				CLANG_WARN_INFINITE_RECURSION = YES;
				CLANG_WARN_INT_CONVERSION = YES;
				CLANG_WARN_NON_LITERAL_NULL_CONVERSION = YES;
				CLANG_WARN_OBJC_IMPLICIT_RETAIN_SELF = YES;
				CLANG_WARN_OBJC_LITERAL_CONVERSION = YES;
				CLANG_WARN_OBJC_ROOT_CLASS = YES_ERROR;
				CLANG_WARN_QUOTED_INCLUDE_IN_FRAMEWORK_HEADER = YES;
				CLANG_WARN_RANGE_LOOP_ANALYSIS = YES;
				CLANG_WARN_STRICT_PROTOTYPES = YES;
				CLANG_WARN_SUSPICIOUS_MOVE = YES;
				CLANG_WARN_UNGUARDED_AVAILABILITY = YES_AGGRESSIVE;
				CLANG_WARN_UNREACHABLE_CODE = YES;
				CLANG_WARN__DUPLICATE_METHOD_MATCH = YES;
				COPY_PHASE_STRIP = NO;
				DEBUG_INFORMATION_FORMAT = dwarf;
				ENABLE_STRICT_OBJC_MSGSEND = YES;
				ENABLE_TESTABILITY = YES;
				ENABLE_USER_SCRIPT_SANDBOXING = YES;
				GCC_C_LANGUAGE_STANDARD = gnu17;
				GCC_DYNAMIC_NO_PIC = NO;
				GCC_NO_COMMON_BLOCKS = YES;
				GCC_OPTIMIZATION_LEVEL = 0;
				GCC_PREPROCESSOR_DEFINITIONS = (
					"DEBUG=1",
					"$(inherited)",
				);
				GCC_WARN_64_TO_32_BIT_CONVERSION = YES;
				GCC_WARN_ABOUT_RETURN_TYPE = YES_ERROR;
				GCC_WARN_UNDECLARED_SELECTOR = YES;
				GCC_WARN_UNINITIALIZED_AUTOS = YES_AGGRESSIVE;
				GCC_WARN_UNUSED_FUNCTION = YES;
				GCC_WARN_UNUSED_VARIABLE = YES;
				IPHONEOS_DEPLOYMENT_TARGET = 17.2;
				LOCALIZATION_PREFERS_STRING_CATALOGS = YES;
				MTL_ENABLE_DEBUG_INFO = INCLUDE_SOURCE;
				MTL_FAST_MATH = YES;
				ONLY_ACTIVE_ARCH = YES;
				SDKROOT = iphoneos;
				SWIFT_ACTIVE_COMPILATION_CONDITIONS = "DEBUG $(inherited)";
				SWIFT_OPTIMIZATION_LEVEL = "-Onone";
			};
			name = Debug;
		};
		D38EEBA72BA371A00099D382 /* Release */ = {
			isa = XCBuildConfiguration;
			buildSettings = {
				ALWAYS_SEARCH_USER_PATHS = NO;
				ASSETCATALOG_COMPILER_GENERATE_SWIFT_ASSET_SYMBOL_EXTENSIONS = YES;
				CLANG_ANALYZER_NONNULL = YES;
				CLANG_ANALYZER_NUMBER_OBJECT_CONVERSION = YES_AGGRESSIVE;
				CLANG_CXX_LANGUAGE_STANDARD = "gnu++20";
				CLANG_ENABLE_MODULES = YES;
				CLANG_ENABLE_OBJC_ARC = YES;
				CLANG_ENABLE_OBJC_WEAK = YES;
				CLANG_WARN_BLOCK_CAPTURE_AUTORELEASING = YES;
				CLANG_WARN_BOOL_CONVERSION = YES;
				CLANG_WARN_COMMA = YES;
				CLANG_WARN_CONSTANT_CONVERSION = YES;
				CLANG_WARN_DEPRECATED_OBJC_IMPLEMENTATIONS = YES;
				CLANG_WARN_DIRECT_OBJC_ISA_USAGE = YES_ERROR;
				CLANG_WARN_DOCUMENTATION_COMMENTS = YES;
				CLANG_WARN_EMPTY_BODY = YES;
				CLANG_WARN_ENUM_CONVERSION = YES;
				CLANG_WARN_INFINITE_RECURSION = YES;
				CLANG_WARN_INT_CONVERSION = YES;
				CLANG_WARN_NON_LITERAL_NULL_CONVERSION = YES;
				CLANG_WARN_OBJC_IMPLICIT_RETAIN_SELF = YES;
				CLANG_WARN_OBJC_LITERAL_CONVERSION = YES;
				CLANG_WARN_OBJC_ROOT_CLASS = YES_ERROR;
				CLANG_WARN_QUOTED_INCLUDE_IN_FRAMEWORK_HEADER = YES;
				CLANG_WARN_RANGE_LOOP_ANALYSIS = YES;
				CLANG_WARN_STRICT_PROTOTYPES = YES;
				CLANG_WARN_SUSPICIOUS_MOVE = YES;
				CLANG_WARN_UNGUARDED_AVAILABILITY = YES_AGGRESSIVE;
				CLANG_WARN_UNREACHABLE_CODE = YES;
				CLANG_WARN__DUPLICATE_METHOD_MATCH = YES;
				COPY_PHASE_STRIP = NO;
				DEBUG_INFORMATION_FORMAT = "dwarf-with-dsym";
				ENABLE_NS_ASSERTIONS = NO;
				ENABLE_STRICT_OBJC_MSGSEND = YES;
				ENABLE_USER_SCRIPT_SANDBOXING = YES;
				GCC_C_LANGUAGE_STANDARD = gnu17;
				GCC_NO_COMMON_BLOCKS = YES;
				GCC_WARN_64_TO_32_BIT_CONVERSION = YES;
				GCC_WARN_ABOUT_RETURN_TYPE = YES_ERROR;
				GCC_WARN_UNDECLARED_SELECTOR = YES;
				GCC_WARN_UNINITIALIZED_AUTOS = YES_AGGRESSIVE;
				GCC_WARN_UNUSED_FUNCTION = YES;
				GCC_WARN_UNUSED_VARIABLE = YES;
				IPHONEOS_DEPLOYMENT_TARGET = 17.2;
				LOCALIZATION_PREFERS_STRING_CATALOGS = YES;
				MTL_ENABLE_DEBUG_INFO = NO;
				MTL_FAST_MATH = YES;
				SDKROOT = iphoneos;
				SWIFT_COMPILATION_MODE = wholemodule;
				VALIDATE_PRODUCT = YES;
			};
			name = Release;
		};
		D38EEBA92BA371A00099D382 /* Debug */ = {
			isa = XCBuildConfiguration;
			buildSettings = {
				ASSETCATALOG_COMPILER_APPICON_NAME = AppIcon;
				ASSETCATALOG_COMPILER_GLOBAL_ACCENT_COLOR_NAME = AccentColor;
				ASSETCATALOG_COMPILER_INCLUDE_ALL_APPICON_ASSETS = NO;
				CODE_SIGN_ENTITLEMENTS = SharingAlarm/SharingAlarm.entitlements;
				CODE_SIGN_STYLE = Automatic;
				CURRENT_PROJECT_VERSION = 1;
				DEVELOPMENT_ASSET_PATHS = "\"SharingAlarm/Preview Content\"";
				DEVELOPMENT_TEAM = 528US555T2;
				ENABLE_PREVIEWS = YES;
				GENERATE_INFOPLIST_FILE = YES;
				INFOPLIST_FILE = SharingAlarm/Info.plist;
				INFOPLIST_KEY_LSApplicationCategoryType = "public.app-category.travel";
				INFOPLIST_KEY_NSMicrophoneUsageDescription = "";
				INFOPLIST_KEY_NSSupportsLiveActivities = YES;
				INFOPLIST_KEY_UIApplicationSceneManifest_Generation = YES;
				INFOPLIST_KEY_UIApplicationSupportsIndirectInputEvents = YES;
				INFOPLIST_KEY_UILaunchScreen_Generation = YES;
				INFOPLIST_KEY_UILaunchStoryboardName = LaunchScreen.storyboard;
				INFOPLIST_KEY_UISupportedInterfaceOrientations = UIInterfaceOrientationPortrait;
				INFOPLIST_KEY_UISupportedInterfaceOrientations_iPad = "UIInterfaceOrientationLandscapeLeft UIInterfaceOrientationLandscapeRight UIInterfaceOrientationPortrait UIInterfaceOrientationPortraitUpsideDown";
				IPHONEOS_DEPLOYMENT_TARGET = 16.1;
				LD_RUNPATH_SEARCH_PATHS = (
					"$(inherited)",
					"@executable_path/Frameworks",
				);
				MARKETING_VERSION = 0.5.0;
				PRODUCT_BUNDLE_IDENTIFIER = com.cyc0825.SharingAlarm;
				PRODUCT_NAME = "$(TARGET_NAME)";
				SWIFT_EMIT_LOC_STRINGS = YES;
				SWIFT_VERSION = 5.0;
				TARGETED_DEVICE_FAMILY = "1,2";
			};
			name = Debug;
		};
		D38EEBAA2BA371A00099D382 /* Release */ = {
			isa = XCBuildConfiguration;
			buildSettings = {
				ASSETCATALOG_COMPILER_APPICON_NAME = AppIcon;
				ASSETCATALOG_COMPILER_GLOBAL_ACCENT_COLOR_NAME = AccentColor;
				ASSETCATALOG_COMPILER_INCLUDE_ALL_APPICON_ASSETS = NO;
				CODE_SIGN_ENTITLEMENTS = SharingAlarm/SharingAlarm.entitlements;
				CODE_SIGN_STYLE = Automatic;
				CURRENT_PROJECT_VERSION = 1;
				DEVELOPMENT_ASSET_PATHS = "\"SharingAlarm/Preview Content\"";
				DEVELOPMENT_TEAM = 528US555T2;
				ENABLE_PREVIEWS = YES;
				GENERATE_INFOPLIST_FILE = YES;
				INFOPLIST_FILE = SharingAlarm/Info.plist;
				INFOPLIST_KEY_LSApplicationCategoryType = "public.app-category.travel";
				INFOPLIST_KEY_NSMicrophoneUsageDescription = "";
				INFOPLIST_KEY_NSSupportsLiveActivities = YES;
				INFOPLIST_KEY_UIApplicationSceneManifest_Generation = YES;
				INFOPLIST_KEY_UIApplicationSupportsIndirectInputEvents = YES;
				INFOPLIST_KEY_UILaunchScreen_Generation = YES;
				INFOPLIST_KEY_UILaunchStoryboardName = LaunchScreen.storyboard;
				INFOPLIST_KEY_UISupportedInterfaceOrientations = UIInterfaceOrientationPortrait;
				INFOPLIST_KEY_UISupportedInterfaceOrientations_iPad = "UIInterfaceOrientationLandscapeLeft UIInterfaceOrientationLandscapeRight UIInterfaceOrientationPortrait UIInterfaceOrientationPortraitUpsideDown";
				IPHONEOS_DEPLOYMENT_TARGET = 16.1;
				LD_RUNPATH_SEARCH_PATHS = (
					"$(inherited)",
					"@executable_path/Frameworks",
				);
				MARKETING_VERSION = 0.5.0;
				PRODUCT_BUNDLE_IDENTIFIER = com.cyc0825.SharingAlarm;
				PRODUCT_NAME = "$(TARGET_NAME)";
				SWIFT_EMIT_LOC_STRINGS = YES;
				SWIFT_VERSION = 5.0;
				TARGETED_DEVICE_FAMILY = "1,2";
			};
			name = Release;
		};
		D38EEBAC2BA371A00099D382 /* Debug */ = {
			isa = XCBuildConfiguration;
			buildSettings = {
				BUNDLE_LOADER = "$(TEST_HOST)";
				CODE_SIGN_STYLE = Automatic;
				CURRENT_PROJECT_VERSION = 1;
				DEVELOPMENT_TEAM = 528US555T2;
				GENERATE_INFOPLIST_FILE = YES;
				IPHONEOS_DEPLOYMENT_TARGET = 16.1;
				MARKETING_VERSION = 1.0;
				PRODUCT_BUNDLE_IDENTIFIER = com.cyc0825.SharingAlarmTests;
				PRODUCT_NAME = "$(TARGET_NAME)";
				SWIFT_EMIT_LOC_STRINGS = NO;
				SWIFT_VERSION = 5.0;
				TARGETED_DEVICE_FAMILY = "1,2";
				TEST_HOST = "$(BUILT_PRODUCTS_DIR)/SharingAlarm.app/$(BUNDLE_EXECUTABLE_FOLDER_PATH)/SharingAlarm";
			};
			name = Debug;
		};
		D38EEBAD2BA371A00099D382 /* Release */ = {
			isa = XCBuildConfiguration;
			buildSettings = {
				BUNDLE_LOADER = "$(TEST_HOST)";
				CODE_SIGN_STYLE = Automatic;
				CURRENT_PROJECT_VERSION = 1;
				DEVELOPMENT_TEAM = 528US555T2;
				GENERATE_INFOPLIST_FILE = YES;
				IPHONEOS_DEPLOYMENT_TARGET = 16.1;
				MARKETING_VERSION = 1.0;
				PRODUCT_BUNDLE_IDENTIFIER = com.cyc0825.SharingAlarmTests;
				PRODUCT_NAME = "$(TARGET_NAME)";
				SWIFT_EMIT_LOC_STRINGS = NO;
				SWIFT_VERSION = 5.0;
				TARGETED_DEVICE_FAMILY = "1,2";
				TEST_HOST = "$(BUILT_PRODUCTS_DIR)/SharingAlarm.app/$(BUNDLE_EXECUTABLE_FOLDER_PATH)/SharingAlarm";
			};
			name = Release;
		};
		D38EEBAF2BA371A00099D382 /* Debug */ = {
			isa = XCBuildConfiguration;
			buildSettings = {
				CODE_SIGN_STYLE = Automatic;
				CURRENT_PROJECT_VERSION = 1;
				DEVELOPMENT_TEAM = 528US555T2;
				GENERATE_INFOPLIST_FILE = YES;
				IPHONEOS_DEPLOYMENT_TARGET = 16.1;
				MARKETING_VERSION = 1.0;
				PRODUCT_BUNDLE_IDENTIFIER = com.cyc0825.SharingAlarmUITests;
				PRODUCT_NAME = "$(TARGET_NAME)";
				SWIFT_EMIT_LOC_STRINGS = NO;
				SWIFT_VERSION = 5.0;
				TARGETED_DEVICE_FAMILY = "1,2";
				TEST_TARGET_NAME = SharingAlarm;
			};
			name = Debug;
		};
		D38EEBB02BA371A00099D382 /* Release */ = {
			isa = XCBuildConfiguration;
			buildSettings = {
				CODE_SIGN_STYLE = Automatic;
				CURRENT_PROJECT_VERSION = 1;
				DEVELOPMENT_TEAM = 528US555T2;
				GENERATE_INFOPLIST_FILE = YES;
				IPHONEOS_DEPLOYMENT_TARGET = 16.1;
				MARKETING_VERSION = 1.0;
				PRODUCT_BUNDLE_IDENTIFIER = com.cyc0825.SharingAlarmUITests;
				PRODUCT_NAME = "$(TARGET_NAME)";
				SWIFT_EMIT_LOC_STRINGS = NO;
				SWIFT_VERSION = 5.0;
				TARGETED_DEVICE_FAMILY = "1,2";
				TEST_TARGET_NAME = SharingAlarm;
			};
			name = Release;
		};
		D3AFBFE62C796898008DA9DD /* Debug */ = {
			isa = XCBuildConfiguration;
			buildSettings = {
				CODE_SIGN_ENTITLEMENTS = Notification/Notification.entitlements;
				CODE_SIGN_STYLE = Automatic;
				CURRENT_PROJECT_VERSION = 4;
				DEVELOPMENT_TEAM = 528US555T2;
				GENERATE_INFOPLIST_FILE = YES;
				INFOPLIST_FILE = Notification/Info.plist;
				INFOPLIST_KEY_CFBundleDisplayName = Notification;
				INFOPLIST_KEY_NSHumanReadableCopyright = "";
				IPHONEOS_DEPLOYMENT_TARGET = 16.1;
				LD_RUNPATH_SEARCH_PATHS = (
					"$(inherited)",
					"@executable_path/Frameworks",
					"@executable_path/../../Frameworks",
				);
				MARKETING_VERSION = 0.2.1;
				PRODUCT_BUNDLE_IDENTIFIER = com.cyc0825.SharingAlarm.Notification;
				PRODUCT_NAME = "$(TARGET_NAME)";
				SKIP_INSTALL = YES;
				SWIFT_EMIT_LOC_STRINGS = YES;
				SWIFT_VERSION = 5.0;
				TARGETED_DEVICE_FAMILY = "1,2";
			};
			name = Debug;
		};
		D3AFBFE72C796898008DA9DD /* Release */ = {
			isa = XCBuildConfiguration;
			buildSettings = {
				CODE_SIGN_ENTITLEMENTS = Notification/Notification.entitlements;
				CODE_SIGN_STYLE = Automatic;
				CURRENT_PROJECT_VERSION = 4;
				DEVELOPMENT_TEAM = 528US555T2;
				GENERATE_INFOPLIST_FILE = YES;
				INFOPLIST_FILE = Notification/Info.plist;
				INFOPLIST_KEY_CFBundleDisplayName = Notification;
				INFOPLIST_KEY_NSHumanReadableCopyright = "";
				IPHONEOS_DEPLOYMENT_TARGET = 16.1;
				LD_RUNPATH_SEARCH_PATHS = (
					"$(inherited)",
					"@executable_path/Frameworks",
					"@executable_path/../../Frameworks",
				);
				MARKETING_VERSION = 0.2.1;
				PRODUCT_BUNDLE_IDENTIFIER = com.cyc0825.SharingAlarm.Notification;
				PRODUCT_NAME = "$(TARGET_NAME)";
				SKIP_INSTALL = YES;
				SWIFT_EMIT_LOC_STRINGS = YES;
				SWIFT_VERSION = 5.0;
				TARGETED_DEVICE_FAMILY = "1,2";
			};
			name = Release;
		};
/* End XCBuildConfiguration section */

/* Begin XCConfigurationList section */
		D36C34312C97DE8800647F97 /* Build configuration list for PBXNativeTarget "AlarmWidgetExtension" */ = {
			isa = XCConfigurationList;
			buildConfigurations = (
				D36C34322C97DE8800647F97 /* Debug */,
				D36C34332C97DE8800647F97 /* Release */,
			);
			defaultConfigurationIsVisible = 0;
			defaultConfigurationName = Release;
		};
		D38EEB7A2BA3719F0099D382 /* Build configuration list for PBXProject "SharingAlarm" */ = {
			isa = XCConfigurationList;
			buildConfigurations = (
				D38EEBA62BA371A00099D382 /* Debug */,
				D38EEBA72BA371A00099D382 /* Release */,
			);
			defaultConfigurationIsVisible = 0;
			defaultConfigurationName = Release;
		};
		D38EEBA82BA371A00099D382 /* Build configuration list for PBXNativeTarget "SharingAlarm" */ = {
			isa = XCConfigurationList;
			buildConfigurations = (
				D38EEBA92BA371A00099D382 /* Debug */,
				D38EEBAA2BA371A00099D382 /* Release */,
			);
			defaultConfigurationIsVisible = 0;
			defaultConfigurationName = Release;
		};
		D38EEBAB2BA371A00099D382 /* Build configuration list for PBXNativeTarget "SharingAlarmTests" */ = {
			isa = XCConfigurationList;
			buildConfigurations = (
				D38EEBAC2BA371A00099D382 /* Debug */,
				D38EEBAD2BA371A00099D382 /* Release */,
			);
			defaultConfigurationIsVisible = 0;
			defaultConfigurationName = Release;
		};
		D38EEBAE2BA371A00099D382 /* Build configuration list for PBXNativeTarget "SharingAlarmUITests" */ = {
			isa = XCConfigurationList;
			buildConfigurations = (
				D38EEBAF2BA371A00099D382 /* Debug */,
				D38EEBB02BA371A00099D382 /* Release */,
			);
			defaultConfigurationIsVisible = 0;
			defaultConfigurationName = Release;
		};
		D3AFBFE52C796898008DA9DD /* Build configuration list for PBXNativeTarget "Notification" */ = {
			isa = XCConfigurationList;
			buildConfigurations = (
				D3AFBFE62C796898008DA9DD /* Debug */,
				D3AFBFE72C796898008DA9DD /* Release */,
			);
			defaultConfigurationIsVisible = 0;
			defaultConfigurationName = Release;
		};
/* End XCConfigurationList section */

/* Begin XCRemoteSwiftPackageReference section */
		D3C0EF822BDD898000DA1795 /* XCRemoteSwiftPackageReference "firebase-ios-sdk" */ = {
			isa = XCRemoteSwiftPackageReference;
			repositoryURL = "https://github.com/firebase/firebase-ios-sdk";
			requirement = {
				kind = upToNextMajorVersion;
				minimumVersion = 10.24.0;
			};
		};
/* End XCRemoteSwiftPackageReference section */

/* Begin XCSwiftPackageProductDependency section */
		D375941A2C740566006DB7AA /* FirebaseStorage */ = {
			isa = XCSwiftPackageProductDependency;
			package = D3C0EF822BDD898000DA1795 /* XCRemoteSwiftPackageReference "firebase-ios-sdk" */;
			productName = FirebaseStorage;
		};
		D3C0EF832BDD898000DA1795 /* FirebaseAnalytics */ = {
			isa = XCSwiftPackageProductDependency;
			package = D3C0EF822BDD898000DA1795 /* XCRemoteSwiftPackageReference "firebase-ios-sdk" */;
			productName = FirebaseAnalytics;
		};
		D3C0EF852BDD898000DA1795 /* FirebaseAuth */ = {
			isa = XCSwiftPackageProductDependency;
			package = D3C0EF822BDD898000DA1795 /* XCRemoteSwiftPackageReference "firebase-ios-sdk" */;
			productName = FirebaseAuth;
		};
		D3C0EF872BDD898000DA1795 /* FirebaseFirestore */ = {
			isa = XCSwiftPackageProductDependency;
			package = D3C0EF822BDD898000DA1795 /* XCRemoteSwiftPackageReference "firebase-ios-sdk" */;
			productName = FirebaseFirestore;
		};
		D3C0EF892BDD898000DA1795 /* FirebaseMessaging */ = {
			isa = XCSwiftPackageProductDependency;
			package = D3C0EF822BDD898000DA1795 /* XCRemoteSwiftPackageReference "firebase-ios-sdk" */;
			productName = FirebaseMessaging;
		};
/* End XCSwiftPackageProductDependency section */

/* Begin XCVersionGroup section */
		D35372ED2BBB738300B56F32 /* Friendship.xcdatamodeld */ = {
			isa = XCVersionGroup;
			children = (
				D35372EE2BBB738300B56F32 /* Friendship.xcdatamodel */,
			);
			currentVersion = D35372EE2BBB738300B56F32 /* Friendship.xcdatamodel */;
			path = Friendship.xcdatamodeld;
			sourceTree = "<group>";
			versionGroupType = wrapper.xcdatamodel;
		};
		D38EEB8D2BA371A00099D382 /* SharingAlarm.xcdatamodeld */ = {
			isa = XCVersionGroup;
			children = (
				D38EEB8E2BA371A00099D382 /* SharingAlarm.xcdatamodel */,
			);
			currentVersion = D38EEB8E2BA371A00099D382 /* SharingAlarm.xcdatamodel */;
			path = SharingAlarm.xcdatamodeld;
			sourceTree = "<group>";
			versionGroupType = wrapper.xcdatamodel;
		};
/* End XCVersionGroup section */
	};
	rootObject = D38EEB772BA3719F0099D382 /* Project object */;
}
